// !$*UTF8*$!
{
	archiveVersion = 1;
	classes = {
	};
	objectVersion = 48;
	objects = {

/* Begin PBXBuildFile section */
		577FAA27206EE2B9004B4862 /* BigNumber.framework in Frameworks */ = {isa = PBXBuildFile; fileRef = 577FAA1D206EE2B8004B4862 /* BigNumber.framework */; };
		577FAA2C206EE2B9004B4862 /* BigNumberTests.swift in Sources */ = {isa = PBXBuildFile; fileRef = 577FAA2B206EE2B9004B4862 /* BigNumberTests.swift */; };
		577FAA2E206EE2B9004B4862 /* BigNumber.h in Headers */ = {isa = PBXBuildFile; fileRef = 577FAA20206EE2B8004B4862 /* BigNumber.h */; settings = {ATTRIBUTES = (Public, ); }; };
		577FAB4E206EE7F0004B4862 /* CTomMath.h in Headers */ = {isa = PBXBuildFile; fileRef = 577FAB4C206EE7F0004B4862 /* CTomMath.h */; settings = {ATTRIBUTES = (Public, ); }; };
		577FAB52206EE82C004B4862 /* bn_error.c in Sources */ = {isa = PBXBuildFile; fileRef = 577FAA6F206EE655004B4862 /* bn_error.c */; };
		577FAB53206EE82C004B4862 /* bn_fast_mp_invmod.c in Sources */ = {isa = PBXBuildFile; fileRef = 577FAA65206EE653004B4862 /* bn_fast_mp_invmod.c */; };
		577FAB54206EE82C004B4862 /* bn_fast_mp_montgomery_reduce.c in Sources */ = {isa = PBXBuildFile; fileRef = 577FAAB1206EE666004B4862 /* bn_fast_mp_montgomery_reduce.c */; };
		577FAB55206EE82C004B4862 /* bn_fast_s_mp_mul_digs.c in Sources */ = {isa = PBXBuildFile; fileRef = 577FAA5B206EE652004B4862 /* bn_fast_s_mp_mul_digs.c */; };
		577FAB56206EE82C004B4862 /* bn_fast_s_mp_mul_high_digs.c in Sources */ = {isa = PBXBuildFile; fileRef = 577FAA83206EE658004B4862 /* bn_fast_s_mp_mul_high_digs.c */; };
		577FAB57206EE82C004B4862 /* bn_fast_s_mp_sqr.c in Sources */ = {isa = PBXBuildFile; fileRef = 577FAA75206EE656004B4862 /* bn_fast_s_mp_sqr.c */; };
		577FAB58206EE82C004B4862 /* bn_mp_2expt.c in Sources */ = {isa = PBXBuildFile; fileRef = 577FAAA9206EE664004B4862 /* bn_mp_2expt.c */; };
		577FAB59206EE82C004B4862 /* bn_mp_abs.c in Sources */ = {isa = PBXBuildFile; fileRef = 577FAA52206EE650004B4862 /* bn_mp_abs.c */; };
		577FAB5A206EE82C004B4862 /* bn_mp_add_d.c in Sources */ = {isa = PBXBuildFile; fileRef = 577FAA50206EE650004B4862 /* bn_mp_add_d.c */; };
		577FAB5B206EE82C004B4862 /* bn_mp_add.c in Sources */ = {isa = PBXBuildFile; fileRef = 577FAAB6206EE667004B4862 /* bn_mp_add.c */; };
		577FAB5C206EE82C004B4862 /* bn_mp_addmod.c in Sources */ = {isa = PBXBuildFile; fileRef = 577FAA81206EE657004B4862 /* bn_mp_addmod.c */; };
		577FAB5D206EE82C004B4862 /* bn_mp_and.c in Sources */ = {isa = PBXBuildFile; fileRef = 577FAAB8206EE667004B4862 /* bn_mp_and.c */; };
		577FAB5E206EE82C004B4862 /* bn_mp_clamp.c in Sources */ = {isa = PBXBuildFile; fileRef = 577FAA4F206EE650004B4862 /* bn_mp_clamp.c */; };
		577FAB5F206EE82C004B4862 /* bn_mp_clear_multi.c in Sources */ = {isa = PBXBuildFile; fileRef = 577FAA69206EE654004B4862 /* bn_mp_clear_multi.c */; };
		577FAB60206EE82C004B4862 /* bn_mp_clear.c in Sources */ = {isa = PBXBuildFile; fileRef = 577FAA43206EE64F004B4862 /* bn_mp_clear.c */; };
		577FAB61206EE82C004B4862 /* bn_mp_cmp_d.c in Sources */ = {isa = PBXBuildFile; fileRef = 577FAA57206EE651004B4862 /* bn_mp_cmp_d.c */; };
		577FAB62206EE82C004B4862 /* bn_mp_cmp_mag.c in Sources */ = {isa = PBXBuildFile; fileRef = 577FAA5F206EE652004B4862 /* bn_mp_cmp_mag.c */; };
		577FAB63206EE82C004B4862 /* bn_mp_cmp.c in Sources */ = {isa = PBXBuildFile; fileRef = 577FAA93206EE660004B4862 /* bn_mp_cmp.c */; };
		577FAB64206EE82C004B4862 /* bn_mp_cnt_lsb.c in Sources */ = {isa = PBXBuildFile; fileRef = 577FAA5D206EE652004B4862 /* bn_mp_cnt_lsb.c */; };
		577FAB65206EE82C004B4862 /* bn_mp_copy.c in Sources */ = {isa = PBXBuildFile; fileRef = 577FAA77206EE656004B4862 /* bn_mp_copy.c */; };
		577FAB66206EE82C004B4862 /* bn_mp_count_bits.c in Sources */ = {isa = PBXBuildFile; fileRef = 577FAA96206EE661004B4862 /* bn_mp_count_bits.c */; };
		577FAB67206EE82C004B4862 /* bn_mp_div_2.c in Sources */ = {isa = PBXBuildFile; fileRef = 577FAA82206EE657004B4862 /* bn_mp_div_2.c */; };
		577FAB68206EE82C004B4862 /* bn_mp_div_2d.c in Sources */ = {isa = PBXBuildFile; fileRef = 577FAA3A206EE64E004B4862 /* bn_mp_div_2d.c */; };
		577FAB69206EE82C004B4862 /* bn_mp_div_3.c in Sources */ = {isa = PBXBuildFile; fileRef = 577FAAB2206EE666004B4862 /* bn_mp_div_3.c */; };
		577FAB6A206EE82C004B4862 /* bn_mp_div_d.c in Sources */ = {isa = PBXBuildFile; fileRef = 577FAA7B206EE656004B4862 /* bn_mp_div_d.c */; };
		577FAB6B206EE82C004B4862 /* bn_mp_div.c in Sources */ = {isa = PBXBuildFile; fileRef = 577FAA5A206EE651004B4862 /* bn_mp_div.c */; };
		577FAB6C206EE82C004B4862 /* bn_mp_dr_is_modulus.c in Sources */ = {isa = PBXBuildFile; fileRef = 577FAAB9206EE667004B4862 /* bn_mp_dr_is_modulus.c */; };
		577FAB6D206EE82C004B4862 /* bn_mp_dr_reduce.c in Sources */ = {isa = PBXBuildFile; fileRef = 577FAA92206EE660004B4862 /* bn_mp_dr_reduce.c */; };
		577FAB6E206EE82C004B4862 /* bn_mp_dr_setup.c in Sources */ = {isa = PBXBuildFile; fileRef = 577FAA6E206EE655004B4862 /* bn_mp_dr_setup.c */; };
		577FAB6F206EE82C004B4862 /* bn_mp_exch.c in Sources */ = {isa = PBXBuildFile; fileRef = 577FAAAD206EE665004B4862 /* bn_mp_exch.c */; };
		577FAB70206EE82C004B4862 /* bn_mp_export.c in Sources */ = {isa = PBXBuildFile; fileRef = 577FAAA6206EE664004B4862 /* bn_mp_export.c */; };
		577FAB71206EE82C004B4862 /* bn_mp_expt_d_ex.c in Sources */ = {isa = PBXBuildFile; fileRef = 577FAA91206EE660004B4862 /* bn_mp_expt_d_ex.c */; };
		577FAB72206EE82C004B4862 /* bn_mp_expt_d.c in Sources */ = {isa = PBXBuildFile; fileRef = 577FAAAA206EE665004B4862 /* bn_mp_expt_d.c */; };
		577FAB73206EE82C004B4862 /* bn_mp_exptmod_fast.c in Sources */ = {isa = PBXBuildFile; fileRef = 577FAA88206EE658004B4862 /* bn_mp_exptmod_fast.c */; };
		577FAB74206EE82C004B4862 /* bn_mp_exptmod.c in Sources */ = {isa = PBXBuildFile; fileRef = 577FAA39206EE64E004B4862 /* bn_mp_exptmod.c */; };
		577FAB75206EE82C004B4862 /* bn_mp_exteuclid.c in Sources */ = {isa = PBXBuildFile; fileRef = 577FAAB3206EE666004B4862 /* bn_mp_exteuclid.c */; };
		577FAB76206EE82C004B4862 /* bn_mp_fread.c in Sources */ = {isa = PBXBuildFile; fileRef = 577FAA4A206EE64F004B4862 /* bn_mp_fread.c */; };
		577FAB77206EE82C004B4862 /* bn_mp_fwrite.c in Sources */ = {isa = PBXBuildFile; fileRef = 577FAA66206EE653004B4862 /* bn_mp_fwrite.c */; };
		577FAB78206EE82C004B4862 /* bn_mp_gcd.c in Sources */ = {isa = PBXBuildFile; fileRef = 577FAA8B206EE659004B4862 /* bn_mp_gcd.c */; };
		577FAB79206EE82C004B4862 /* bn_mp_get_int.c in Sources */ = {isa = PBXBuildFile; fileRef = 577FAA48206EE64F004B4862 /* bn_mp_get_int.c */; };
		577FAB7A206EE82C004B4862 /* bn_mp_get_long_long.c in Sources */ = {isa = PBXBuildFile; fileRef = 577FAA6D206EE654004B4862 /* bn_mp_get_long_long.c */; };
		577FAB7B206EE82C004B4862 /* bn_mp_get_long.c in Sources */ = {isa = PBXBuildFile; fileRef = 577FAA9F206EE663004B4862 /* bn_mp_get_long.c */; };
		577FAB7C206EE82C004B4862 /* bn_mp_grow.c in Sources */ = {isa = PBXBuildFile; fileRef = 577FAAA3206EE663004B4862 /* bn_mp_grow.c */; };
		577FAB7D206EE82C004B4862 /* bn_mp_import.c in Sources */ = {isa = PBXBuildFile; fileRef = 577FAA46206EE64F004B4862 /* bn_mp_import.c */; };
		577FAB7E206EE82C004B4862 /* bn_mp_init_copy.c in Sources */ = {isa = PBXBuildFile; fileRef = 577FAA80206EE657004B4862 /* bn_mp_init_copy.c */; };
		577FAB7F206EE82C004B4862 /* bn_mp_init_multi.c in Sources */ = {isa = PBXBuildFile; fileRef = 577FAA58206EE651004B4862 /* bn_mp_init_multi.c */; };
		577FAB80206EE82C004B4862 /* bn_mp_init_set_int.c in Sources */ = {isa = PBXBuildFile; fileRef = 577FAA56206EE651004B4862 /* bn_mp_init_set_int.c */; };
		577FAB81206EE82C004B4862 /* bn_mp_init_set.c in Sources */ = {isa = PBXBuildFile; fileRef = 577FAA73206EE655004B4862 /* bn_mp_init_set.c */; };
		577FAB82206EE82C004B4862 /* bn_mp_init_size.c in Sources */ = {isa = PBXBuildFile; fileRef = 577FAA40206EE64E004B4862 /* bn_mp_init_size.c */; };
		577FAB83206EE82C004B4862 /* bn_mp_init.c in Sources */ = {isa = PBXBuildFile; fileRef = 577FAAA0206EE663004B4862 /* bn_mp_init.c */; };
		577FAB84206EE82C004B4862 /* bn_mp_invmod_slow.c in Sources */ = {isa = PBXBuildFile; fileRef = 577FAAA7206EE664004B4862 /* bn_mp_invmod_slow.c */; };
		577FAB85206EE82C004B4862 /* bn_mp_invmod.c in Sources */ = {isa = PBXBuildFile; fileRef = 577FAAAB206EE665004B4862 /* bn_mp_invmod.c */; };
		577FAB86206EE82C004B4862 /* bn_mp_is_square.c in Sources */ = {isa = PBXBuildFile; fileRef = 577FAA62206EE653004B4862 /* bn_mp_is_square.c */; };
		577FAB87206EE82C004B4862 /* bn_mp_jacobi.c in Sources */ = {isa = PBXBuildFile; fileRef = 577FAAAC206EE665004B4862 /* bn_mp_jacobi.c */; };
		577FAB88206EE82C004B4862 /* bn_mp_karatsuba_mul.c in Sources */ = {isa = PBXBuildFile; fileRef = 577FAABC206EE668004B4862 /* bn_mp_karatsuba_mul.c */; };
		577FAB89206EE82C004B4862 /* bn_mp_karatsuba_sqr.c in Sources */ = {isa = PBXBuildFile; fileRef = 577FAA86206EE658004B4862 /* bn_mp_karatsuba_sqr.c */; };
		577FAB8A206EE82C004B4862 /* bn_mp_lcm.c in Sources */ = {isa = PBXBuildFile; fileRef = 577FAAA4206EE663004B4862 /* bn_mp_lcm.c */; };
		577FAB8B206EE82C004B4862 /* bn_mp_lshd.c in Sources */ = {isa = PBXBuildFile; fileRef = 577FAA41206EE64E004B4862 /* bn_mp_lshd.c */; };
		577FAB8C206EE82C004B4862 /* bn_mp_mod_2d.c in Sources */ = {isa = PBXBuildFile; fileRef = 577FAA7F206EE657004B4862 /* bn_mp_mod_2d.c */; };
		577FAB8D206EE82C004B4862 /* bn_mp_mod_d.c in Sources */ = {isa = PBXBuildFile; fileRef = 577FAA45206EE64F004B4862 /* bn_mp_mod_d.c */; };
		577FAB8E206EE82C004B4862 /* bn_mp_mod.c in Sources */ = {isa = PBXBuildFile; fileRef = 577FAA74206EE655004B4862 /* bn_mp_mod.c */; };
		577FAB8F206EE82C004B4862 /* bn_mp_montgomery_calc_normalization.c in Sources */ = {isa = PBXBuildFile; fileRef = 577FAA4B206EE64F004B4862 /* bn_mp_montgomery_calc_normalization.c */; };
		577FAB90206EE82C004B4862 /* bn_mp_montgomery_reduce.c in Sources */ = {isa = PBXBuildFile; fileRef = 577FAA72206EE655004B4862 /* bn_mp_montgomery_reduce.c */; };
		577FAB91206EE82C004B4862 /* bn_mp_montgomery_setup.c in Sources */ = {isa = PBXBuildFile; fileRef = 577FAA55206EE650004B4862 /* bn_mp_montgomery_setup.c */; };
		577FAB92206EE82C004B4862 /* bn_mp_mul_2.c in Sources */ = {isa = PBXBuildFile; fileRef = 577FAA8D206EE65F004B4862 /* bn_mp_mul_2.c */; };
		577FAB93206EE82C004B4862 /* bn_mp_mul_2d.c in Sources */ = {isa = PBXBuildFile; fileRef = 577FAABD206EE668004B4862 /* bn_mp_mul_2d.c */; };
		577FAB94206EE82C004B4862 /* bn_mp_mul_d.c in Sources */ = {isa = PBXBuildFile; fileRef = 577FAA51206EE650004B4862 /* bn_mp_mul_d.c */; };
		577FAB95206EE82C004B4862 /* bn_mp_mul.c in Sources */ = {isa = PBXBuildFile; fileRef = 577FAA54206EE650004B4862 /* bn_mp_mul.c */; };
		577FAB96206EE82C004B4862 /* bn_mp_mulmod.c in Sources */ = {isa = PBXBuildFile; fileRef = 577FAABA206EE667004B4862 /* bn_mp_mulmod.c */; };
		577FAB97206EE82C004B4862 /* bn_mp_n_root_ex.c in Sources */ = {isa = PBXBuildFile; fileRef = 577FAA47206EE64F004B4862 /* bn_mp_n_root_ex.c */; };
		577FAB98206EE82C004B4862 /* bn_mp_n_root.c in Sources */ = {isa = PBXBuildFile; fileRef = 577FAA76206EE656004B4862 /* bn_mp_n_root.c */; };
		577FAB99206EE82C004B4862 /* bn_mp_neg.c in Sources */ = {isa = PBXBuildFile; fileRef = 577FAA3D206EE64E004B4862 /* bn_mp_neg.c */; };
		577FAB9A206EE82C004B4862 /* bn_mp_or.c in Sources */ = {isa = PBXBuildFile; fileRef = 577FAA94206EE661004B4862 /* bn_mp_or.c */; };
		577FAB9B206EE82C004B4862 /* bn_mp_prime_fermat.c in Sources */ = {isa = PBXBuildFile; fileRef = 577FAA8A206EE659004B4862 /* bn_mp_prime_fermat.c */; };
		577FAB9C206EE82C004B4862 /* bn_mp_prime_is_divisible.c in Sources */ = {isa = PBXBuildFile; fileRef = 577FAA4C206EE64F004B4862 /* bn_mp_prime_is_divisible.c */; };
		577FAB9D206EE82C004B4862 /* bn_mp_prime_is_prime.c in Sources */ = {isa = PBXBuildFile; fileRef = 577FAA84206EE658004B4862 /* bn_mp_prime_is_prime.c */; };
		577FAB9E206EE82C004B4862 /* bn_mp_prime_miller_rabin.c in Sources */ = {isa = PBXBuildFile; fileRef = 577FAA95206EE661004B4862 /* bn_mp_prime_miller_rabin.c */; };
		577FAB9F206EE82C004B4862 /* bn_mp_prime_next_prime.c in Sources */ = {isa = PBXBuildFile; fileRef = 577FAAA5206EE664004B4862 /* bn_mp_prime_next_prime.c */; };
		577FABA0206EE82C004B4862 /* bn_mp_prime_rabin_miller_trials.c in Sources */ = {isa = PBXBuildFile; fileRef = 577FAA6C206EE654004B4862 /* bn_mp_prime_rabin_miller_trials.c */; };
		577FABA1206EE82C004B4862 /* bn_mp_prime_random_ex.c in Sources */ = {isa = PBXBuildFile; fileRef = 577FAA53206EE650004B4862 /* bn_mp_prime_random_ex.c */; };
		577FABA2206EE82C004B4862 /* bn_mp_radix_size.c in Sources */ = {isa = PBXBuildFile; fileRef = 577FAAAF206EE665004B4862 /* bn_mp_radix_size.c */; };
		577FABA3206EE82C004B4862 /* bn_mp_radix_smap.c in Sources */ = {isa = PBXBuildFile; fileRef = 577FAA87206EE658004B4862 /* bn_mp_radix_smap.c */; };
		577FABA4206EE82C004B4862 /* bn_mp_rand.c in Sources */ = {isa = PBXBuildFile; fileRef = 577FAA71206EE655004B4862 /* bn_mp_rand.c */; };
		577FABA5206EE82C004B4862 /* bn_mp_read_radix.c in Sources */ = {isa = PBXBuildFile; fileRef = 577FAA60206EE653004B4862 /* bn_mp_read_radix.c */; };
		577FABA6206EE82C004B4862 /* bn_mp_read_signed_bin.c in Sources */ = {isa = PBXBuildFile; fileRef = 577FAABB206EE667004B4862 /* bn_mp_read_signed_bin.c */; };
		577FABA7206EE82C004B4862 /* bn_mp_read_unsigned_bin.c in Sources */ = {isa = PBXBuildFile; fileRef = 577FAA4D206EE64F004B4862 /* bn_mp_read_unsigned_bin.c */; };
		577FABA8206EE82C004B4862 /* bn_mp_reduce_2k_l.c in Sources */ = {isa = PBXBuildFile; fileRef = 577FAAB7206EE667004B4862 /* bn_mp_reduce_2k_l.c */; };
		577FABA9206EE82C004B4862 /* bn_mp_reduce_2k_setup_l.c in Sources */ = {isa = PBXBuildFile; fileRef = 577FAA5C206EE652004B4862 /* bn_mp_reduce_2k_setup_l.c */; };
		577FABAA206EE82C004B4862 /* bn_mp_reduce_2k_setup.c in Sources */ = {isa = PBXBuildFile; fileRef = 577FAAB4206EE666004B4862 /* bn_mp_reduce_2k_setup.c */; };
		577FABAB206EE82C004B4862 /* bn_mp_reduce_2k.c in Sources */ = {isa = PBXBuildFile; fileRef = 577FAA61206EE653004B4862 /* bn_mp_reduce_2k.c */; };
		577FABAC206EE82C004B4862 /* bn_mp_reduce_is_2k_l.c in Sources */ = {isa = PBXBuildFile; fileRef = 577FAA6B206EE654004B4862 /* bn_mp_reduce_is_2k_l.c */; };
		577FABAD206EE82C004B4862 /* bn_mp_reduce_is_2k.c in Sources */ = {isa = PBXBuildFile; fileRef = 577FAA5E206EE652004B4862 /* bn_mp_reduce_is_2k.c */; };
		577FABAE206EE82C004B4862 /* bn_mp_reduce_setup.c in Sources */ = {isa = PBXBuildFile; fileRef = 577FAA67206EE654004B4862 /* bn_mp_reduce_setup.c */; };
		577FABAF206EE82C004B4862 /* bn_mp_reduce.c in Sources */ = {isa = PBXBuildFile; fileRef = 577FAAA1206EE663004B4862 /* bn_mp_reduce.c */; };
		577FABB0206EE82C004B4862 /* bn_mp_rshd.c in Sources */ = {isa = PBXBuildFile; fileRef = 577FAA7D206EE657004B4862 /* bn_mp_rshd.c */; };
		577FABB1206EE82C004B4862 /* bn_mp_set_int.c in Sources */ = {isa = PBXBuildFile; fileRef = 577FAA79206EE656004B4862 /* bn_mp_set_int.c */; };
		577FABB2206EE82C004B4862 /* bn_mp_set_long_long.c in Sources */ = {isa = PBXBuildFile; fileRef = 577FAA68206EE654004B4862 /* bn_mp_set_long_long.c */; };
		577FABB3206EE82C004B4862 /* bn_mp_set_long.c in Sources */ = {isa = PBXBuildFile; fileRef = 577FAA63206EE653004B4862 /* bn_mp_set_long.c */; };
		577FABB4206EE82C004B4862 /* bn_mp_set.c in Sources */ = {isa = PBXBuildFile; fileRef = 577FAA8E206EE65F004B4862 /* bn_mp_set.c */; };
		577FABB5206EE82C004B4862 /* bn_mp_shrink.c in Sources */ = {isa = PBXBuildFile; fileRef = 577FAA3E206EE64E004B4862 /* bn_mp_shrink.c */; };
		577FABB6206EE82C004B4862 /* bn_mp_signed_bin_size.c in Sources */ = {isa = PBXBuildFile; fileRef = 577FAA70206EE655004B4862 /* bn_mp_signed_bin_size.c */; };
		577FABB7206EE82C004B4862 /* bn_mp_sqr.c in Sources */ = {isa = PBXBuildFile; fileRef = 577FAA64206EE653004B4862 /* bn_mp_sqr.c */; };
		577FABB8206EE82C004B4862 /* bn_mp_sqrmod.c in Sources */ = {isa = PBXBuildFile; fileRef = 577FAA9A206EE662004B4862 /* bn_mp_sqrmod.c */; };
		577FABB9206EE82C004B4862 /* bn_mp_sqrt.c in Sources */ = {isa = PBXBuildFile; fileRef = 577FAA98206EE661004B4862 /* bn_mp_sqrt.c */; };
		577FABBA206EE82C004B4862 /* bn_mp_sqrtmod_prime.c in Sources */ = {isa = PBXBuildFile; fileRef = 577FAA9E206EE662004B4862 /* bn_mp_sqrtmod_prime.c */; };
		577FABBB206EE82C004B4862 /* bn_mp_sub_d.c in Sources */ = {isa = PBXBuildFile; fileRef = 577FAAA8206EE664004B4862 /* bn_mp_sub_d.c */; };
		577FABBC206EE82C004B4862 /* bn_mp_sub.c in Sources */ = {isa = PBXBuildFile; fileRef = 577FAA59206EE651004B4862 /* bn_mp_sub.c */; };
		577FABBD206EE82C004B4862 /* bn_mp_submod.c in Sources */ = {isa = PBXBuildFile; fileRef = 577FAA8F206EE660004B4862 /* bn_mp_submod.c */; };
		577FABBE206EE82C004B4862 /* bn_mp_to_signed_bin_n.c in Sources */ = {isa = PBXBuildFile; fileRef = 577FAA7C206EE657004B4862 /* bn_mp_to_signed_bin_n.c */; };
		577FABBF206EE82C004B4862 /* bn_mp_to_signed_bin.c in Sources */ = {isa = PBXBuildFile; fileRef = 577FAAB5206EE666004B4862 /* bn_mp_to_signed_bin.c */; };
		577FABC0206EE82C004B4862 /* bn_mp_to_unsigned_bin_n.c in Sources */ = {isa = PBXBuildFile; fileRef = 577FAA6A206EE654004B4862 /* bn_mp_to_unsigned_bin_n.c */; };
		577FABC1206EE82C004B4862 /* bn_mp_to_unsigned_bin.c in Sources */ = {isa = PBXBuildFile; fileRef = 577FAA3F206EE64E004B4862 /* bn_mp_to_unsigned_bin.c */; };
		577FABC2206EE82C004B4862 /* bn_mp_toom_mul.c in Sources */ = {isa = PBXBuildFile; fileRef = 577FAA3B206EE64E004B4862 /* bn_mp_toom_mul.c */; };
		577FABC3206EE82C004B4862 /* bn_mp_toom_sqr.c in Sources */ = {isa = PBXBuildFile; fileRef = 577FAA99206EE662004B4862 /* bn_mp_toom_sqr.c */; };
		577FABC4206EE82C004B4862 /* bn_mp_toradix_n.c in Sources */ = {isa = PBXBuildFile; fileRef = 577FAA7A206EE656004B4862 /* bn_mp_toradix_n.c */; };
		577FABC5206EE82C004B4862 /* bn_mp_toradix.c in Sources */ = {isa = PBXBuildFile; fileRef = 577FAA44206EE64F004B4862 /* bn_mp_toradix.c */; };
		577FABC6206EE82C004B4862 /* bn_mp_unsigned_bin_size.c in Sources */ = {isa = PBXBuildFile; fileRef = 577FAA42206EE64F004B4862 /* bn_mp_unsigned_bin_size.c */; };
		577FABC7206EE82C004B4862 /* bn_mp_xor.c in Sources */ = {isa = PBXBuildFile; fileRef = 577FAA90206EE660004B4862 /* bn_mp_xor.c */; };
		577FABC8206EE82C004B4862 /* bn_mp_zero.c in Sources */ = {isa = PBXBuildFile; fileRef = 577FAA97206EE661004B4862 /* bn_mp_zero.c */; };
		577FABC9206EE82C004B4862 /* bn_prime_tab.c in Sources */ = {isa = PBXBuildFile; fileRef = 577FAA7E206EE657004B4862 /* bn_prime_tab.c */; };
		577FABCA206EE82C004B4862 /* bn_reverse.c in Sources */ = {isa = PBXBuildFile; fileRef = 577FAA49206EE64F004B4862 /* bn_reverse.c */; };
		577FABCB206EE82C004B4862 /* bn_s_mp_add.c in Sources */ = {isa = PBXBuildFile; fileRef = 577FAA9B206EE662004B4862 /* bn_s_mp_add.c */; };
		577FABCC206EE82C004B4862 /* bn_s_mp_exptmod.c in Sources */ = {isa = PBXBuildFile; fileRef = 577FAA78206EE656004B4862 /* bn_s_mp_exptmod.c */; };
		577FABCD206EE82C004B4862 /* bn_s_mp_mul_digs.c in Sources */ = {isa = PBXBuildFile; fileRef = 577FAA3C206EE64E004B4862 /* bn_s_mp_mul_digs.c */; };
		577FABCE206EE82C004B4862 /* bn_s_mp_mul_high_digs.c in Sources */ = {isa = PBXBuildFile; fileRef = 577FAAA2206EE663004B4862 /* bn_s_mp_mul_high_digs.c */; };
		577FABCF206EE82C004B4862 /* bn_s_mp_sqr.c in Sources */ = {isa = PBXBuildFile; fileRef = 577FAA85206EE658004B4862 /* bn_s_mp_sqr.c */; };
		577FABD0206EE82C004B4862 /* bn_s_mp_sub.c in Sources */ = {isa = PBXBuildFile; fileRef = 577FAAB0206EE666004B4862 /* bn_s_mp_sub.c */; };
		577FABD1206EE82C004B4862 /* bncore.c in Sources */ = {isa = PBXBuildFile; fileRef = 577FAAAE206EE665004B4862 /* bncore.c */; };
		577FABD2206EE834004B4862 /* tommath.h in Headers */ = {isa = PBXBuildFile; fileRef = 577FAA4E206EE650004B4862 /* tommath.h */; settings = {ATTRIBUTES = (Public, ); }; };
		577FABD3206EE834004B4862 /* tommath_class.h in Headers */ = {isa = PBXBuildFile; fileRef = 577FAA9C206EE662004B4862 /* tommath_class.h */; settings = {ATTRIBUTES = (Public, ); }; };
		577FABD4206EE834004B4862 /* tommath_private.h in Headers */ = {isa = PBXBuildFile; fileRef = 577FAA89206EE659004B4862 /* tommath_private.h */; settings = {ATTRIBUTES = (Private, ); }; };
		577FABD5206EE834004B4862 /* tommath_superclass.h in Headers */ = {isa = PBXBuildFile; fileRef = 577FAA9D206EE662004B4862 /* tommath_superclass.h */; settings = {ATTRIBUTES = (Public, ); }; };
		577FAC5D206EED70004B4862 /* CTomMath.framework in Frameworks */ = {isa = PBXBuildFile; fileRef = 577FAB4A206EE7EF004B4862 /* CTomMath.framework */; };
		577FAC60206EEE94004B4862 /* mp_int+extensions.swift in Sources */ = {isa = PBXBuildFile; fileRef = 577FAC5E206EEE94004B4862 /* mp_int+extensions.swift */; };
		577FAC61206EEE94004B4862 /* BigInt.swift in Sources */ = {isa = PBXBuildFile; fileRef = 577FAC5F206EEE94004B4862 /* BigInt.swift */; };
		577FAC67206F06F4004B4862 /* LICENSE in Resources */ = {isa = PBXBuildFile; fileRef = 577FAC65206F06F3004B4862 /* LICENSE */; };
		577FAC68206F06F4004B4862 /* README.md in Resources */ = {isa = PBXBuildFile; fileRef = 577FAC66206F06F3004B4862 /* README.md */; };
/* End PBXBuildFile section */

/* Begin PBXContainerItemProxy section */
		577FAA28206EE2B9004B4862 /* PBXContainerItemProxy */ = {
			isa = PBXContainerItemProxy;
			containerPortal = 577FAA14206EE2B8004B4862 /* Project object */;
			proxyType = 1;
			remoteGlobalIDString = 577FAA1C206EE2B8004B4862;
			remoteInfo = BigNumber;
		};
/* End PBXContainerItemProxy section */

/* Begin PBXFileReference section */
		577FAA1D206EE2B8004B4862 /* BigNumber.framework */ = {isa = PBXFileReference; explicitFileType = wrapper.framework; includeInIndex = 0; path = BigNumber.framework; sourceTree = BUILT_PRODUCTS_DIR; };
		577FAA20206EE2B8004B4862 /* BigNumber.h */ = {isa = PBXFileReference; lastKnownFileType = sourcecode.c.h; path = BigNumber.h; sourceTree = "<group>"; };
		577FAA21206EE2B8004B4862 /* Info.plist */ = {isa = PBXFileReference; lastKnownFileType = text.plist.xml; path = Info.plist; sourceTree = "<group>"; };
		577FAA26206EE2B9004B4862 /* BigNumberTests.xctest */ = {isa = PBXFileReference; explicitFileType = wrapper.cfbundle; includeInIndex = 0; path = BigNumberTests.xctest; sourceTree = BUILT_PRODUCTS_DIR; };
		577FAA2B206EE2B9004B4862 /* BigNumberTests.swift */ = {isa = PBXFileReference; lastKnownFileType = sourcecode.swift; path = BigNumberTests.swift; sourceTree = "<group>"; };
		577FAA2D206EE2B9004B4862 /* Info.plist */ = {isa = PBXFileReference; lastKnownFileType = text.plist.xml; path = Info.plist; sourceTree = "<group>"; };
		577FAA39206EE64E004B4862 /* bn_mp_exptmod.c */ = {isa = PBXFileReference; fileEncoding = 4; lastKnownFileType = sourcecode.c.c; path = bn_mp_exptmod.c; sourceTree = "<group>"; };
		577FAA3A206EE64E004B4862 /* bn_mp_div_2d.c */ = {isa = PBXFileReference; fileEncoding = 4; lastKnownFileType = sourcecode.c.c; path = bn_mp_div_2d.c; sourceTree = "<group>"; };
		577FAA3B206EE64E004B4862 /* bn_mp_toom_mul.c */ = {isa = PBXFileReference; fileEncoding = 4; lastKnownFileType = sourcecode.c.c; path = bn_mp_toom_mul.c; sourceTree = "<group>"; };
		577FAA3C206EE64E004B4862 /* bn_s_mp_mul_digs.c */ = {isa = PBXFileReference; fileEncoding = 4; lastKnownFileType = sourcecode.c.c; path = bn_s_mp_mul_digs.c; sourceTree = "<group>"; };
		577FAA3D206EE64E004B4862 /* bn_mp_neg.c */ = {isa = PBXFileReference; fileEncoding = 4; lastKnownFileType = sourcecode.c.c; path = bn_mp_neg.c; sourceTree = "<group>"; };
		577FAA3E206EE64E004B4862 /* bn_mp_shrink.c */ = {isa = PBXFileReference; fileEncoding = 4; lastKnownFileType = sourcecode.c.c; path = bn_mp_shrink.c; sourceTree = "<group>"; };
		577FAA3F206EE64E004B4862 /* bn_mp_to_unsigned_bin.c */ = {isa = PBXFileReference; fileEncoding = 4; lastKnownFileType = sourcecode.c.c; path = bn_mp_to_unsigned_bin.c; sourceTree = "<group>"; };
		577FAA40206EE64E004B4862 /* bn_mp_init_size.c */ = {isa = PBXFileReference; fileEncoding = 4; lastKnownFileType = sourcecode.c.c; path = bn_mp_init_size.c; sourceTree = "<group>"; };
		577FAA41206EE64E004B4862 /* bn_mp_lshd.c */ = {isa = PBXFileReference; fileEncoding = 4; lastKnownFileType = sourcecode.c.c; path = bn_mp_lshd.c; sourceTree = "<group>"; };
		577FAA42206EE64F004B4862 /* bn_mp_unsigned_bin_size.c */ = {isa = PBXFileReference; fileEncoding = 4; lastKnownFileType = sourcecode.c.c; path = bn_mp_unsigned_bin_size.c; sourceTree = "<group>"; };
		577FAA43206EE64F004B4862 /* bn_mp_clear.c */ = {isa = PBXFileReference; fileEncoding = 4; lastKnownFileType = sourcecode.c.c; path = bn_mp_clear.c; sourceTree = "<group>"; };
		577FAA44206EE64F004B4862 /* bn_mp_toradix.c */ = {isa = PBXFileReference; fileEncoding = 4; lastKnownFileType = sourcecode.c.c; path = bn_mp_toradix.c; sourceTree = "<group>"; };
		577FAA45206EE64F004B4862 /* bn_mp_mod_d.c */ = {isa = PBXFileReference; fileEncoding = 4; lastKnownFileType = sourcecode.c.c; path = bn_mp_mod_d.c; sourceTree = "<group>"; };
		577FAA46206EE64F004B4862 /* bn_mp_import.c */ = {isa = PBXFileReference; fileEncoding = 4; lastKnownFileType = sourcecode.c.c; path = bn_mp_import.c; sourceTree = "<group>"; };
		577FAA47206EE64F004B4862 /* bn_mp_n_root_ex.c */ = {isa = PBXFileReference; fileEncoding = 4; lastKnownFileType = sourcecode.c.c; path = bn_mp_n_root_ex.c; sourceTree = "<group>"; };
		577FAA48206EE64F004B4862 /* bn_mp_get_int.c */ = {isa = PBXFileReference; fileEncoding = 4; lastKnownFileType = sourcecode.c.c; path = bn_mp_get_int.c; sourceTree = "<group>"; };
		577FAA49206EE64F004B4862 /* bn_reverse.c */ = {isa = PBXFileReference; fileEncoding = 4; lastKnownFileType = sourcecode.c.c; path = bn_reverse.c; sourceTree = "<group>"; };
		577FAA4A206EE64F004B4862 /* bn_mp_fread.c */ = {isa = PBXFileReference; fileEncoding = 4; lastKnownFileType = sourcecode.c.c; path = bn_mp_fread.c; sourceTree = "<group>"; };
		577FAA4B206EE64F004B4862 /* bn_mp_montgomery_calc_normalization.c */ = {isa = PBXFileReference; fileEncoding = 4; lastKnownFileType = sourcecode.c.c; path = bn_mp_montgomery_calc_normalization.c; sourceTree = "<group>"; };
		577FAA4C206EE64F004B4862 /* bn_mp_prime_is_divisible.c */ = {isa = PBXFileReference; fileEncoding = 4; lastKnownFileType = sourcecode.c.c; path = bn_mp_prime_is_divisible.c; sourceTree = "<group>"; };
		577FAA4D206EE64F004B4862 /* bn_mp_read_unsigned_bin.c */ = {isa = PBXFileReference; fileEncoding = 4; lastKnownFileType = sourcecode.c.c; path = bn_mp_read_unsigned_bin.c; sourceTree = "<group>"; };
		577FAA4E206EE650004B4862 /* tommath.h */ = {isa = PBXFileReference; fileEncoding = 4; lastKnownFileType = sourcecode.c.h; path = tommath.h; sourceTree = "<group>"; };
		577FAA4F206EE650004B4862 /* bn_mp_clamp.c */ = {isa = PBXFileReference; fileEncoding = 4; lastKnownFileType = sourcecode.c.c; path = bn_mp_clamp.c; sourceTree = "<group>"; };
		577FAA50206EE650004B4862 /* bn_mp_add_d.c */ = {isa = PBXFileReference; fileEncoding = 4; lastKnownFileType = sourcecode.c.c; path = bn_mp_add_d.c; sourceTree = "<group>"; };
		577FAA51206EE650004B4862 /* bn_mp_mul_d.c */ = {isa = PBXFileReference; fileEncoding = 4; lastKnownFileType = sourcecode.c.c; path = bn_mp_mul_d.c; sourceTree = "<group>"; };
		577FAA52206EE650004B4862 /* bn_mp_abs.c */ = {isa = PBXFileReference; fileEncoding = 4; lastKnownFileType = sourcecode.c.c; path = bn_mp_abs.c; sourceTree = "<group>"; };
		577FAA53206EE650004B4862 /* bn_mp_prime_random_ex.c */ = {isa = PBXFileReference; fileEncoding = 4; lastKnownFileType = sourcecode.c.c; path = bn_mp_prime_random_ex.c; sourceTree = "<group>"; };
		577FAA54206EE650004B4862 /* bn_mp_mul.c */ = {isa = PBXFileReference; fileEncoding = 4; lastKnownFileType = sourcecode.c.c; path = bn_mp_mul.c; sourceTree = "<group>"; };
		577FAA55206EE650004B4862 /* bn_mp_montgomery_setup.c */ = {isa = PBXFileReference; fileEncoding = 4; lastKnownFileType = sourcecode.c.c; path = bn_mp_montgomery_setup.c; sourceTree = "<group>"; };
		577FAA56206EE651004B4862 /* bn_mp_init_set_int.c */ = {isa = PBXFileReference; fileEncoding = 4; lastKnownFileType = sourcecode.c.c; path = bn_mp_init_set_int.c; sourceTree = "<group>"; };
		577FAA57206EE651004B4862 /* bn_mp_cmp_d.c */ = {isa = PBXFileReference; fileEncoding = 4; lastKnownFileType = sourcecode.c.c; path = bn_mp_cmp_d.c; sourceTree = "<group>"; };
		577FAA58206EE651004B4862 /* bn_mp_init_multi.c */ = {isa = PBXFileReference; fileEncoding = 4; lastKnownFileType = sourcecode.c.c; path = bn_mp_init_multi.c; sourceTree = "<group>"; };
		577FAA59206EE651004B4862 /* bn_mp_sub.c */ = {isa = PBXFileReference; fileEncoding = 4; lastKnownFileType = sourcecode.c.c; path = bn_mp_sub.c; sourceTree = "<group>"; };
		577FAA5A206EE651004B4862 /* bn_mp_div.c */ = {isa = PBXFileReference; fileEncoding = 4; lastKnownFileType = sourcecode.c.c; path = bn_mp_div.c; sourceTree = "<group>"; };
		577FAA5B206EE652004B4862 /* bn_fast_s_mp_mul_digs.c */ = {isa = PBXFileReference; fileEncoding = 4; lastKnownFileType = sourcecode.c.c; path = bn_fast_s_mp_mul_digs.c; sourceTree = "<group>"; };
		577FAA5C206EE652004B4862 /* bn_mp_reduce_2k_setup_l.c */ = {isa = PBXFileReference; fileEncoding = 4; lastKnownFileType = sourcecode.c.c; path = bn_mp_reduce_2k_setup_l.c; sourceTree = "<group>"; };
		577FAA5D206EE652004B4862 /* bn_mp_cnt_lsb.c */ = {isa = PBXFileReference; fileEncoding = 4; lastKnownFileType = sourcecode.c.c; path = bn_mp_cnt_lsb.c; sourceTree = "<group>"; };
		577FAA5E206EE652004B4862 /* bn_mp_reduce_is_2k.c */ = {isa = PBXFileReference; fileEncoding = 4; lastKnownFileType = sourcecode.c.c; path = bn_mp_reduce_is_2k.c; sourceTree = "<group>"; };
		577FAA5F206EE652004B4862 /* bn_mp_cmp_mag.c */ = {isa = PBXFileReference; fileEncoding = 4; lastKnownFileType = sourcecode.c.c; path = bn_mp_cmp_mag.c; sourceTree = "<group>"; };
		577FAA60206EE653004B4862 /* bn_mp_read_radix.c */ = {isa = PBXFileReference; fileEncoding = 4; lastKnownFileType = sourcecode.c.c; path = bn_mp_read_radix.c; sourceTree = "<group>"; };
		577FAA61206EE653004B4862 /* bn_mp_reduce_2k.c */ = {isa = PBXFileReference; fileEncoding = 4; lastKnownFileType = sourcecode.c.c; path = bn_mp_reduce_2k.c; sourceTree = "<group>"; };
		577FAA62206EE653004B4862 /* bn_mp_is_square.c */ = {isa = PBXFileReference; fileEncoding = 4; lastKnownFileType = sourcecode.c.c; path = bn_mp_is_square.c; sourceTree = "<group>"; };
		577FAA63206EE653004B4862 /* bn_mp_set_long.c */ = {isa = PBXFileReference; fileEncoding = 4; lastKnownFileType = sourcecode.c.c; path = bn_mp_set_long.c; sourceTree = "<group>"; };
		577FAA64206EE653004B4862 /* bn_mp_sqr.c */ = {isa = PBXFileReference; fileEncoding = 4; lastKnownFileType = sourcecode.c.c; path = bn_mp_sqr.c; sourceTree = "<group>"; };
		577FAA65206EE653004B4862 /* bn_fast_mp_invmod.c */ = {isa = PBXFileReference; fileEncoding = 4; lastKnownFileType = sourcecode.c.c; path = bn_fast_mp_invmod.c; sourceTree = "<group>"; };
		577FAA66206EE653004B4862 /* bn_mp_fwrite.c */ = {isa = PBXFileReference; fileEncoding = 4; lastKnownFileType = sourcecode.c.c; path = bn_mp_fwrite.c; sourceTree = "<group>"; };
		577FAA67206EE654004B4862 /* bn_mp_reduce_setup.c */ = {isa = PBXFileReference; fileEncoding = 4; lastKnownFileType = sourcecode.c.c; path = bn_mp_reduce_setup.c; sourceTree = "<group>"; };
		577FAA68206EE654004B4862 /* bn_mp_set_long_long.c */ = {isa = PBXFileReference; fileEncoding = 4; lastKnownFileType = sourcecode.c.c; path = bn_mp_set_long_long.c; sourceTree = "<group>"; };
		577FAA69206EE654004B4862 /* bn_mp_clear_multi.c */ = {isa = PBXFileReference; fileEncoding = 4; lastKnownFileType = sourcecode.c.c; path = bn_mp_clear_multi.c; sourceTree = "<group>"; };
		577FAA6A206EE654004B4862 /* bn_mp_to_unsigned_bin_n.c */ = {isa = PBXFileReference; fileEncoding = 4; lastKnownFileType = sourcecode.c.c; path = bn_mp_to_unsigned_bin_n.c; sourceTree = "<group>"; };
		577FAA6B206EE654004B4862 /* bn_mp_reduce_is_2k_l.c */ = {isa = PBXFileReference; fileEncoding = 4; lastKnownFileType = sourcecode.c.c; path = bn_mp_reduce_is_2k_l.c; sourceTree = "<group>"; };
		577FAA6C206EE654004B4862 /* bn_mp_prime_rabin_miller_trials.c */ = {isa = PBXFileReference; fileEncoding = 4; lastKnownFileType = sourcecode.c.c; path = bn_mp_prime_rabin_miller_trials.c; sourceTree = "<group>"; };
		577FAA6D206EE654004B4862 /* bn_mp_get_long_long.c */ = {isa = PBXFileReference; fileEncoding = 4; lastKnownFileType = sourcecode.c.c; path = bn_mp_get_long_long.c; sourceTree = "<group>"; };
		577FAA6E206EE655004B4862 /* bn_mp_dr_setup.c */ = {isa = PBXFileReference; fileEncoding = 4; lastKnownFileType = sourcecode.c.c; path = bn_mp_dr_setup.c; sourceTree = "<group>"; };
		577FAA6F206EE655004B4862 /* bn_error.c */ = {isa = PBXFileReference; fileEncoding = 4; lastKnownFileType = sourcecode.c.c; path = bn_error.c; sourceTree = "<group>"; };
		577FAA70206EE655004B4862 /* bn_mp_signed_bin_size.c */ = {isa = PBXFileReference; fileEncoding = 4; lastKnownFileType = sourcecode.c.c; path = bn_mp_signed_bin_size.c; sourceTree = "<group>"; };
		577FAA71206EE655004B4862 /* bn_mp_rand.c */ = {isa = PBXFileReference; fileEncoding = 4; lastKnownFileType = sourcecode.c.c; path = bn_mp_rand.c; sourceTree = "<group>"; };
		577FAA72206EE655004B4862 /* bn_mp_montgomery_reduce.c */ = {isa = PBXFileReference; fileEncoding = 4; lastKnownFileType = sourcecode.c.c; path = bn_mp_montgomery_reduce.c; sourceTree = "<group>"; };
		577FAA73206EE655004B4862 /* bn_mp_init_set.c */ = {isa = PBXFileReference; fileEncoding = 4; lastKnownFileType = sourcecode.c.c; path = bn_mp_init_set.c; sourceTree = "<group>"; };
		577FAA74206EE655004B4862 /* bn_mp_mod.c */ = {isa = PBXFileReference; fileEncoding = 4; lastKnownFileType = sourcecode.c.c; path = bn_mp_mod.c; sourceTree = "<group>"; };
		577FAA75206EE656004B4862 /* bn_fast_s_mp_sqr.c */ = {isa = PBXFileReference; fileEncoding = 4; lastKnownFileType = sourcecode.c.c; path = bn_fast_s_mp_sqr.c; sourceTree = "<group>"; };
		577FAA76206EE656004B4862 /* bn_mp_n_root.c */ = {isa = PBXFileReference; fileEncoding = 4; lastKnownFileType = sourcecode.c.c; path = bn_mp_n_root.c; sourceTree = "<group>"; };
		577FAA77206EE656004B4862 /* bn_mp_copy.c */ = {isa = PBXFileReference; fileEncoding = 4; lastKnownFileType = sourcecode.c.c; path = bn_mp_copy.c; sourceTree = "<group>"; };
		577FAA78206EE656004B4862 /* bn_s_mp_exptmod.c */ = {isa = PBXFileReference; fileEncoding = 4; lastKnownFileType = sourcecode.c.c; path = bn_s_mp_exptmod.c; sourceTree = "<group>"; };
		577FAA79206EE656004B4862 /* bn_mp_set_int.c */ = {isa = PBXFileReference; fileEncoding = 4; lastKnownFileType = sourcecode.c.c; path = bn_mp_set_int.c; sourceTree = "<group>"; };
		577FAA7A206EE656004B4862 /* bn_mp_toradix_n.c */ = {isa = PBXFileReference; fileEncoding = 4; lastKnownFileType = sourcecode.c.c; path = bn_mp_toradix_n.c; sourceTree = "<group>"; };
		577FAA7B206EE656004B4862 /* bn_mp_div_d.c */ = {isa = PBXFileReference; fileEncoding = 4; lastKnownFileType = sourcecode.c.c; path = bn_mp_div_d.c; sourceTree = "<group>"; };
		577FAA7C206EE657004B4862 /* bn_mp_to_signed_bin_n.c */ = {isa = PBXFileReference; fileEncoding = 4; lastKnownFileType = sourcecode.c.c; path = bn_mp_to_signed_bin_n.c; sourceTree = "<group>"; };
		577FAA7D206EE657004B4862 /* bn_mp_rshd.c */ = {isa = PBXFileReference; fileEncoding = 4; lastKnownFileType = sourcecode.c.c; path = bn_mp_rshd.c; sourceTree = "<group>"; };
		577FAA7E206EE657004B4862 /* bn_prime_tab.c */ = {isa = PBXFileReference; fileEncoding = 4; lastKnownFileType = sourcecode.c.c; path = bn_prime_tab.c; sourceTree = "<group>"; };
		577FAA7F206EE657004B4862 /* bn_mp_mod_2d.c */ = {isa = PBXFileReference; fileEncoding = 4; lastKnownFileType = sourcecode.c.c; path = bn_mp_mod_2d.c; sourceTree = "<group>"; };
		577FAA80206EE657004B4862 /* bn_mp_init_copy.c */ = {isa = PBXFileReference; fileEncoding = 4; lastKnownFileType = sourcecode.c.c; path = bn_mp_init_copy.c; sourceTree = "<group>"; };
		577FAA81206EE657004B4862 /* bn_mp_addmod.c */ = {isa = PBXFileReference; fileEncoding = 4; lastKnownFileType = sourcecode.c.c; path = bn_mp_addmod.c; sourceTree = "<group>"; };
		577FAA82206EE657004B4862 /* bn_mp_div_2.c */ = {isa = PBXFileReference; fileEncoding = 4; lastKnownFileType = sourcecode.c.c; path = bn_mp_div_2.c; sourceTree = "<group>"; };
		577FAA83206EE658004B4862 /* bn_fast_s_mp_mul_high_digs.c */ = {isa = PBXFileReference; fileEncoding = 4; lastKnownFileType = sourcecode.c.c; path = bn_fast_s_mp_mul_high_digs.c; sourceTree = "<group>"; };
		577FAA84206EE658004B4862 /* bn_mp_prime_is_prime.c */ = {isa = PBXFileReference; fileEncoding = 4; lastKnownFileType = sourcecode.c.c; path = bn_mp_prime_is_prime.c; sourceTree = "<group>"; };
		577FAA85206EE658004B4862 /* bn_s_mp_sqr.c */ = {isa = PBXFileReference; fileEncoding = 4; lastKnownFileType = sourcecode.c.c; path = bn_s_mp_sqr.c; sourceTree = "<group>"; };
		577FAA86206EE658004B4862 /* bn_mp_karatsuba_sqr.c */ = {isa = PBXFileReference; fileEncoding = 4; lastKnownFileType = sourcecode.c.c; path = bn_mp_karatsuba_sqr.c; sourceTree = "<group>"; };
		577FAA87206EE658004B4862 /* bn_mp_radix_smap.c */ = {isa = PBXFileReference; fileEncoding = 4; lastKnownFileType = sourcecode.c.c; path = bn_mp_radix_smap.c; sourceTree = "<group>"; };
		577FAA88206EE658004B4862 /* bn_mp_exptmod_fast.c */ = {isa = PBXFileReference; fileEncoding = 4; lastKnownFileType = sourcecode.c.c; path = bn_mp_exptmod_fast.c; sourceTree = "<group>"; };
		577FAA89206EE659004B4862 /* tommath_private.h */ = {isa = PBXFileReference; fileEncoding = 4; lastKnownFileType = sourcecode.c.h; path = tommath_private.h; sourceTree = "<group>"; };
		577FAA8A206EE659004B4862 /* bn_mp_prime_fermat.c */ = {isa = PBXFileReference; fileEncoding = 4; lastKnownFileType = sourcecode.c.c; path = bn_mp_prime_fermat.c; sourceTree = "<group>"; };
		577FAA8B206EE659004B4862 /* bn_mp_gcd.c */ = {isa = PBXFileReference; fileEncoding = 4; lastKnownFileType = sourcecode.c.c; path = bn_mp_gcd.c; sourceTree = "<group>"; };
		577FAA8D206EE65F004B4862 /* bn_mp_mul_2.c */ = {isa = PBXFileReference; fileEncoding = 4; lastKnownFileType = sourcecode.c.c; path = bn_mp_mul_2.c; sourceTree = "<group>"; };
		577FAA8E206EE65F004B4862 /* bn_mp_set.c */ = {isa = PBXFileReference; fileEncoding = 4; lastKnownFileType = sourcecode.c.c; path = bn_mp_set.c; sourceTree = "<group>"; };
		577FAA8F206EE660004B4862 /* bn_mp_submod.c */ = {isa = PBXFileReference; fileEncoding = 4; lastKnownFileType = sourcecode.c.c; path = bn_mp_submod.c; sourceTree = "<group>"; };
		577FAA90206EE660004B4862 /* bn_mp_xor.c */ = {isa = PBXFileReference; fileEncoding = 4; lastKnownFileType = sourcecode.c.c; path = bn_mp_xor.c; sourceTree = "<group>"; };
		577FAA91206EE660004B4862 /* bn_mp_expt_d_ex.c */ = {isa = PBXFileReference; fileEncoding = 4; lastKnownFileType = sourcecode.c.c; path = bn_mp_expt_d_ex.c; sourceTree = "<group>"; };
		577FAA92206EE660004B4862 /* bn_mp_dr_reduce.c */ = {isa = PBXFileReference; fileEncoding = 4; lastKnownFileType = sourcecode.c.c; path = bn_mp_dr_reduce.c; sourceTree = "<group>"; };
		577FAA93206EE660004B4862 /* bn_mp_cmp.c */ = {isa = PBXFileReference; fileEncoding = 4; lastKnownFileType = sourcecode.c.c; path = bn_mp_cmp.c; sourceTree = "<group>"; };
		577FAA94206EE661004B4862 /* bn_mp_or.c */ = {isa = PBXFileReference; fileEncoding = 4; lastKnownFileType = sourcecode.c.c; path = bn_mp_or.c; sourceTree = "<group>"; };
		577FAA95206EE661004B4862 /* bn_mp_prime_miller_rabin.c */ = {isa = PBXFileReference; fileEncoding = 4; lastKnownFileType = sourcecode.c.c; path = bn_mp_prime_miller_rabin.c; sourceTree = "<group>"; };
		577FAA96206EE661004B4862 /* bn_mp_count_bits.c */ = {isa = PBXFileReference; fileEncoding = 4; lastKnownFileType = sourcecode.c.c; path = bn_mp_count_bits.c; sourceTree = "<group>"; };
		577FAA97206EE661004B4862 /* bn_mp_zero.c */ = {isa = PBXFileReference; fileEncoding = 4; lastKnownFileType = sourcecode.c.c; path = bn_mp_zero.c; sourceTree = "<group>"; };
		577FAA98206EE661004B4862 /* bn_mp_sqrt.c */ = {isa = PBXFileReference; fileEncoding = 4; lastKnownFileType = sourcecode.c.c; path = bn_mp_sqrt.c; sourceTree = "<group>"; };
		577FAA99206EE662004B4862 /* bn_mp_toom_sqr.c */ = {isa = PBXFileReference; fileEncoding = 4; lastKnownFileType = sourcecode.c.c; path = bn_mp_toom_sqr.c; sourceTree = "<group>"; };
		577FAA9A206EE662004B4862 /* bn_mp_sqrmod.c */ = {isa = PBXFileReference; fileEncoding = 4; lastKnownFileType = sourcecode.c.c; path = bn_mp_sqrmod.c; sourceTree = "<group>"; };
		577FAA9B206EE662004B4862 /* bn_s_mp_add.c */ = {isa = PBXFileReference; fileEncoding = 4; lastKnownFileType = sourcecode.c.c; path = bn_s_mp_add.c; sourceTree = "<group>"; };
		577FAA9C206EE662004B4862 /* tommath_class.h */ = {isa = PBXFileReference; fileEncoding = 4; lastKnownFileType = sourcecode.c.h; path = tommath_class.h; sourceTree = "<group>"; };
		577FAA9D206EE662004B4862 /* tommath_superclass.h */ = {isa = PBXFileReference; fileEncoding = 4; lastKnownFileType = sourcecode.c.h; path = tommath_superclass.h; sourceTree = "<group>"; };
		577FAA9E206EE662004B4862 /* bn_mp_sqrtmod_prime.c */ = {isa = PBXFileReference; fileEncoding = 4; lastKnownFileType = sourcecode.c.c; path = bn_mp_sqrtmod_prime.c; sourceTree = "<group>"; };
		577FAA9F206EE663004B4862 /* bn_mp_get_long.c */ = {isa = PBXFileReference; fileEncoding = 4; lastKnownFileType = sourcecode.c.c; path = bn_mp_get_long.c; sourceTree = "<group>"; };
		577FAAA0206EE663004B4862 /* bn_mp_init.c */ = {isa = PBXFileReference; fileEncoding = 4; lastKnownFileType = sourcecode.c.c; path = bn_mp_init.c; sourceTree = "<group>"; };
		577FAAA1206EE663004B4862 /* bn_mp_reduce.c */ = {isa = PBXFileReference; fileEncoding = 4; lastKnownFileType = sourcecode.c.c; path = bn_mp_reduce.c; sourceTree = "<group>"; };
		577FAAA2206EE663004B4862 /* bn_s_mp_mul_high_digs.c */ = {isa = PBXFileReference; fileEncoding = 4; lastKnownFileType = sourcecode.c.c; path = bn_s_mp_mul_high_digs.c; sourceTree = "<group>"; };
		577FAAA3206EE663004B4862 /* bn_mp_grow.c */ = {isa = PBXFileReference; fileEncoding = 4; lastKnownFileType = sourcecode.c.c; path = bn_mp_grow.c; sourceTree = "<group>"; };
		577FAAA4206EE663004B4862 /* bn_mp_lcm.c */ = {isa = PBXFileReference; fileEncoding = 4; lastKnownFileType = sourcecode.c.c; path = bn_mp_lcm.c; sourceTree = "<group>"; };
		577FAAA5206EE664004B4862 /* bn_mp_prime_next_prime.c */ = {isa = PBXFileReference; fileEncoding = 4; lastKnownFileType = sourcecode.c.c; path = bn_mp_prime_next_prime.c; sourceTree = "<group>"; };
		577FAAA6206EE664004B4862 /* bn_mp_export.c */ = {isa = PBXFileReference; fileEncoding = 4; lastKnownFileType = sourcecode.c.c; path = bn_mp_export.c; sourceTree = "<group>"; };
		577FAAA7206EE664004B4862 /* bn_mp_invmod_slow.c */ = {isa = PBXFileReference; fileEncoding = 4; lastKnownFileType = sourcecode.c.c; path = bn_mp_invmod_slow.c; sourceTree = "<group>"; };
		577FAAA8206EE664004B4862 /* bn_mp_sub_d.c */ = {isa = PBXFileReference; fileEncoding = 4; lastKnownFileType = sourcecode.c.c; path = bn_mp_sub_d.c; sourceTree = "<group>"; };
		577FAAA9206EE664004B4862 /* bn_mp_2expt.c */ = {isa = PBXFileReference; fileEncoding = 4; lastKnownFileType = sourcecode.c.c; path = bn_mp_2expt.c; sourceTree = "<group>"; };
		577FAAAA206EE665004B4862 /* bn_mp_expt_d.c */ = {isa = PBXFileReference; fileEncoding = 4; lastKnownFileType = sourcecode.c.c; path = bn_mp_expt_d.c; sourceTree = "<group>"; };
		577FAAAB206EE665004B4862 /* bn_mp_invmod.c */ = {isa = PBXFileReference; fileEncoding = 4; lastKnownFileType = sourcecode.c.c; path = bn_mp_invmod.c; sourceTree = "<group>"; };
		577FAAAC206EE665004B4862 /* bn_mp_jacobi.c */ = {isa = PBXFileReference; fileEncoding = 4; lastKnownFileType = sourcecode.c.c; path = bn_mp_jacobi.c; sourceTree = "<group>"; };
		577FAAAD206EE665004B4862 /* bn_mp_exch.c */ = {isa = PBXFileReference; fileEncoding = 4; lastKnownFileType = sourcecode.c.c; path = bn_mp_exch.c; sourceTree = "<group>"; };
		577FAAAE206EE665004B4862 /* bncore.c */ = {isa = PBXFileReference; fileEncoding = 4; lastKnownFileType = sourcecode.c.c; path = bncore.c; sourceTree = "<group>"; };
		577FAAAF206EE665004B4862 /* bn_mp_radix_size.c */ = {isa = PBXFileReference; fileEncoding = 4; lastKnownFileType = sourcecode.c.c; path = bn_mp_radix_size.c; sourceTree = "<group>"; };
		577FAAB0206EE666004B4862 /* bn_s_mp_sub.c */ = {isa = PBXFileReference; fileEncoding = 4; lastKnownFileType = sourcecode.c.c; path = bn_s_mp_sub.c; sourceTree = "<group>"; };
		577FAAB1206EE666004B4862 /* bn_fast_mp_montgomery_reduce.c */ = {isa = PBXFileReference; fileEncoding = 4; lastKnownFileType = sourcecode.c.c; path = bn_fast_mp_montgomery_reduce.c; sourceTree = "<group>"; };
		577FAAB2206EE666004B4862 /* bn_mp_div_3.c */ = {isa = PBXFileReference; fileEncoding = 4; lastKnownFileType = sourcecode.c.c; path = bn_mp_div_3.c; sourceTree = "<group>"; };
		577FAAB3206EE666004B4862 /* bn_mp_exteuclid.c */ = {isa = PBXFileReference; fileEncoding = 4; lastKnownFileType = sourcecode.c.c; path = bn_mp_exteuclid.c; sourceTree = "<group>"; };
		577FAAB4206EE666004B4862 /* bn_mp_reduce_2k_setup.c */ = {isa = PBXFileReference; fileEncoding = 4; lastKnownFileType = sourcecode.c.c; path = bn_mp_reduce_2k_setup.c; sourceTree = "<group>"; };
		577FAAB5206EE666004B4862 /* bn_mp_to_signed_bin.c */ = {isa = PBXFileReference; fileEncoding = 4; lastKnownFileType = sourcecode.c.c; path = bn_mp_to_signed_bin.c; sourceTree = "<group>"; };
		577FAAB6206EE667004B4862 /* bn_mp_add.c */ = {isa = PBXFileReference; fileEncoding = 4; lastKnownFileType = sourcecode.c.c; path = bn_mp_add.c; sourceTree = "<group>"; };
		577FAAB7206EE667004B4862 /* bn_mp_reduce_2k_l.c */ = {isa = PBXFileReference; fileEncoding = 4; lastKnownFileType = sourcecode.c.c; path = bn_mp_reduce_2k_l.c; sourceTree = "<group>"; };
		577FAAB8206EE667004B4862 /* bn_mp_and.c */ = {isa = PBXFileReference; fileEncoding = 4; lastKnownFileType = sourcecode.c.c; path = bn_mp_and.c; sourceTree = "<group>"; };
		577FAAB9206EE667004B4862 /* bn_mp_dr_is_modulus.c */ = {isa = PBXFileReference; fileEncoding = 4; lastKnownFileType = sourcecode.c.c; path = bn_mp_dr_is_modulus.c; sourceTree = "<group>"; };
		577FAABA206EE667004B4862 /* bn_mp_mulmod.c */ = {isa = PBXFileReference; fileEncoding = 4; lastKnownFileType = sourcecode.c.c; path = bn_mp_mulmod.c; sourceTree = "<group>"; };
		577FAABB206EE667004B4862 /* bn_mp_read_signed_bin.c */ = {isa = PBXFileReference; fileEncoding = 4; lastKnownFileType = sourcecode.c.c; path = bn_mp_read_signed_bin.c; sourceTree = "<group>"; };
		577FAABC206EE668004B4862 /* bn_mp_karatsuba_mul.c */ = {isa = PBXFileReference; fileEncoding = 4; lastKnownFileType = sourcecode.c.c; path = bn_mp_karatsuba_mul.c; sourceTree = "<group>"; };
		577FAABD206EE668004B4862 /* bn_mp_mul_2d.c */ = {isa = PBXFileReference; fileEncoding = 4; lastKnownFileType = sourcecode.c.c; path = bn_mp_mul_2d.c; sourceTree = "<group>"; };
		577FAB4A206EE7EF004B4862 /* CTomMath.framework */ = {isa = PBXFileReference; explicitFileType = wrapper.framework; includeInIndex = 0; path = CTomMath.framework; sourceTree = BUILT_PRODUCTS_DIR; };
		577FAB4C206EE7F0004B4862 /* CTomMath.h */ = {isa = PBXFileReference; lastKnownFileType = sourcecode.c.h; path = CTomMath.h; sourceTree = "<group>"; };
		577FAB4D206EE7F0004B4862 /* Info.plist */ = {isa = PBXFileReference; lastKnownFileType = text.plist.xml; path = Info.plist; sourceTree = "<group>"; };
		577FAC5E206EEE94004B4862 /* mp_int+extensions.swift */ = {isa = PBXFileReference; fileEncoding = 4; lastKnownFileType = sourcecode.swift; path = "mp_int+extensions.swift"; sourceTree = "<group>"; };
		577FAC5F206EEE94004B4862 /* BigInt.swift */ = {isa = PBXFileReference; fileEncoding = 4; lastKnownFileType = sourcecode.swift; path = BigInt.swift; sourceTree = "<group>"; };
		577FAC65206F06F3004B4862 /* LICENSE */ = {isa = PBXFileReference; fileEncoding = 4; lastKnownFileType = text; path = LICENSE; sourceTree = SOURCE_ROOT; };
		577FAC66206F06F3004B4862 /* README.md */ = {isa = PBXFileReference; fileEncoding = 4; lastKnownFileType = net.daringfireball.markdown; path = README.md; sourceTree = SOURCE_ROOT; };
/* End PBXFileReference section */

/* Begin PBXFrameworksBuildPhase section */
		577FAA19206EE2B8004B4862 /* Frameworks */ = {
			isa = PBXFrameworksBuildPhase;
			buildActionMask = 2147483647;
			files = (
				577FAC5D206EED70004B4862 /* CTomMath.framework in Frameworks */,
			);
			runOnlyForDeploymentPostprocessing = 0;
		};
		577FAA23206EE2B9004B4862 /* Frameworks */ = {
			isa = PBXFrameworksBuildPhase;
			buildActionMask = 2147483647;
			files = (
				577FAA27206EE2B9004B4862 /* BigNumber.framework in Frameworks */,
			);
			runOnlyForDeploymentPostprocessing = 0;
		};
		577FAB46206EE7EF004B4862 /* Frameworks */ = {
			isa = PBXFrameworksBuildPhase;
			buildActionMask = 2147483647;
			files = (
			);
			runOnlyForDeploymentPostprocessing = 0;
		};
/* End PBXFrameworksBuildPhase section */

/* Begin PBXGroup section */
		577FAA13206EE2B8004B4862 = {
			isa = PBXGroup;
			children = (
				577FAA38206EE640004B4862 /* CTomMath */,
				577FAA1F206EE2B8004B4862 /* BigNumber */,
				577FAA2A206EE2B9004B4862 /* BigNumberTests */,
				577FAA1E206EE2B8004B4862 /* Products */,
				577FABD6206EE95D004B4862 /* Frameworks */,
			);
			sourceTree = "<group>";
		};
		577FAA1E206EE2B8004B4862 /* Products */ = {
			isa = PBXGroup;
			children = (
				577FAA1D206EE2B8004B4862 /* BigNumber.framework */,
				577FAA26206EE2B9004B4862 /* BigNumberTests.xctest */,
				577FAB4A206EE7EF004B4862 /* CTomMath.framework */,
			);
			name = Products;
			sourceTree = "<group>";
		};
		577FAA1F206EE2B8004B4862 /* BigNumber */ = {
			isa = PBXGroup;
			children = (
				577FAA37206EE631004B4862 /* Sources */,
				577FAA21206EE2B8004B4862 /* Info.plist */,
				577FAC65206F06F3004B4862 /* LICENSE */,
				577FAC66206F06F3004B4862 /* README.md */,
				577FAA20206EE2B8004B4862 /* BigNumber.h */,
			);
			path = BigNumber;
			sourceTree = "<group>";
		};
		577FAA2A206EE2B9004B4862 /* BigNumberTests */ = {
			isa = PBXGroup;
			children = (
				577FAA2B206EE2B9004B4862 /* BigNumberTests.swift */,
				577FAA2D206EE2B9004B4862 /* Info.plist */,
			);
			path = BigNumberTests;
			sourceTree = "<group>";
		};
		577FAA37206EE631004B4862 /* Sources */ = {
			isa = PBXGroup;
			children = (
				577FAC5F206EEE94004B4862 /* BigInt.swift */,
				577FAC62206EEE99004B4862 /* Extensions */,
			);
			name = Sources;
			sourceTree = "<group>";
		};
		577FAA38206EE640004B4862 /* CTomMath */ = {
			isa = PBXGroup;
			children = (
				577FAB44206EE6E3004B4862 /* Sources */,
				577FAB4D206EE7F0004B4862 /* Info.plist */,
				577FAB4C206EE7F0004B4862 /* CTomMath.h */,
			);
			path = CTomMath;
			sourceTree = "<group>";
		};
		577FAB44206EE6E3004B4862 /* Sources */ = {
			isa = PBXGroup;
			children = (
				577FAC5C206EECD7004B4862 /* include */,
				577FAA6F206EE655004B4862 /* bn_error.c */,
				577FAA65206EE653004B4862 /* bn_fast_mp_invmod.c */,
				577FAAB1206EE666004B4862 /* bn_fast_mp_montgomery_reduce.c */,
				577FAA5B206EE652004B4862 /* bn_fast_s_mp_mul_digs.c */,
				577FAA83206EE658004B4862 /* bn_fast_s_mp_mul_high_digs.c */,
				577FAA75206EE656004B4862 /* bn_fast_s_mp_sqr.c */,
				577FAAA9206EE664004B4862 /* bn_mp_2expt.c */,
				577FAA52206EE650004B4862 /* bn_mp_abs.c */,
				577FAA50206EE650004B4862 /* bn_mp_add_d.c */,
				577FAAB6206EE667004B4862 /* bn_mp_add.c */,
				577FAA81206EE657004B4862 /* bn_mp_addmod.c */,
				577FAAB8206EE667004B4862 /* bn_mp_and.c */,
				577FAA4F206EE650004B4862 /* bn_mp_clamp.c */,
				577FAA69206EE654004B4862 /* bn_mp_clear_multi.c */,
				577FAA43206EE64F004B4862 /* bn_mp_clear.c */,
				577FAA57206EE651004B4862 /* bn_mp_cmp_d.c */,
				577FAA5F206EE652004B4862 /* bn_mp_cmp_mag.c */,
				577FAA93206EE660004B4862 /* bn_mp_cmp.c */,
				577FAA5D206EE652004B4862 /* bn_mp_cnt_lsb.c */,
				577FAA77206EE656004B4862 /* bn_mp_copy.c */,
				577FAA96206EE661004B4862 /* bn_mp_count_bits.c */,
				577FAA82206EE657004B4862 /* bn_mp_div_2.c */,
				577FAA3A206EE64E004B4862 /* bn_mp_div_2d.c */,
				577FAAB2206EE666004B4862 /* bn_mp_div_3.c */,
				577FAA7B206EE656004B4862 /* bn_mp_div_d.c */,
				577FAA5A206EE651004B4862 /* bn_mp_div.c */,
				577FAAB9206EE667004B4862 /* bn_mp_dr_is_modulus.c */,
				577FAA92206EE660004B4862 /* bn_mp_dr_reduce.c */,
				577FAA6E206EE655004B4862 /* bn_mp_dr_setup.c */,
				577FAAAD206EE665004B4862 /* bn_mp_exch.c */,
				577FAAA6206EE664004B4862 /* bn_mp_export.c */,
				577FAA91206EE660004B4862 /* bn_mp_expt_d_ex.c */,
				577FAAAA206EE665004B4862 /* bn_mp_expt_d.c */,
				577FAA88206EE658004B4862 /* bn_mp_exptmod_fast.c */,
				577FAA39206EE64E004B4862 /* bn_mp_exptmod.c */,
				577FAAB3206EE666004B4862 /* bn_mp_exteuclid.c */,
				577FAA4A206EE64F004B4862 /* bn_mp_fread.c */,
				577FAA66206EE653004B4862 /* bn_mp_fwrite.c */,
				577FAA8B206EE659004B4862 /* bn_mp_gcd.c */,
				577FAA48206EE64F004B4862 /* bn_mp_get_int.c */,
				577FAA6D206EE654004B4862 /* bn_mp_get_long_long.c */,
				577FAA9F206EE663004B4862 /* bn_mp_get_long.c */,
				577FAAA3206EE663004B4862 /* bn_mp_grow.c */,
				577FAA46206EE64F004B4862 /* bn_mp_import.c */,
				577FAA80206EE657004B4862 /* bn_mp_init_copy.c */,
				577FAA58206EE651004B4862 /* bn_mp_init_multi.c */,
				577FAA56206EE651004B4862 /* bn_mp_init_set_int.c */,
				577FAA73206EE655004B4862 /* bn_mp_init_set.c */,
				577FAA40206EE64E004B4862 /* bn_mp_init_size.c */,
				577FAAA0206EE663004B4862 /* bn_mp_init.c */,
				577FAAA7206EE664004B4862 /* bn_mp_invmod_slow.c */,
				577FAAAB206EE665004B4862 /* bn_mp_invmod.c */,
				577FAA62206EE653004B4862 /* bn_mp_is_square.c */,
				577FAAAC206EE665004B4862 /* bn_mp_jacobi.c */,
				577FAABC206EE668004B4862 /* bn_mp_karatsuba_mul.c */,
				577FAA86206EE658004B4862 /* bn_mp_karatsuba_sqr.c */,
				577FAAA4206EE663004B4862 /* bn_mp_lcm.c */,
				577FAA41206EE64E004B4862 /* bn_mp_lshd.c */,
				577FAA7F206EE657004B4862 /* bn_mp_mod_2d.c */,
				577FAA45206EE64F004B4862 /* bn_mp_mod_d.c */,
				577FAA74206EE655004B4862 /* bn_mp_mod.c */,
				577FAA4B206EE64F004B4862 /* bn_mp_montgomery_calc_normalization.c */,
				577FAA72206EE655004B4862 /* bn_mp_montgomery_reduce.c */,
				577FAA55206EE650004B4862 /* bn_mp_montgomery_setup.c */,
				577FAA8D206EE65F004B4862 /* bn_mp_mul_2.c */,
				577FAABD206EE668004B4862 /* bn_mp_mul_2d.c */,
				577FAA51206EE650004B4862 /* bn_mp_mul_d.c */,
				577FAA54206EE650004B4862 /* bn_mp_mul.c */,
				577FAABA206EE667004B4862 /* bn_mp_mulmod.c */,
				577FAA47206EE64F004B4862 /* bn_mp_n_root_ex.c */,
				577FAA76206EE656004B4862 /* bn_mp_n_root.c */,
				577FAA3D206EE64E004B4862 /* bn_mp_neg.c */,
				577FAA94206EE661004B4862 /* bn_mp_or.c */,
				577FAA8A206EE659004B4862 /* bn_mp_prime_fermat.c */,
				577FAA4C206EE64F004B4862 /* bn_mp_prime_is_divisible.c */,
				577FAA84206EE658004B4862 /* bn_mp_prime_is_prime.c */,
				577FAA95206EE661004B4862 /* bn_mp_prime_miller_rabin.c */,
				577FAAA5206EE664004B4862 /* bn_mp_prime_next_prime.c */,
				577FAA6C206EE654004B4862 /* bn_mp_prime_rabin_miller_trials.c */,
				577FAA53206EE650004B4862 /* bn_mp_prime_random_ex.c */,
				577FAAAF206EE665004B4862 /* bn_mp_radix_size.c */,
				577FAA87206EE658004B4862 /* bn_mp_radix_smap.c */,
				577FAA71206EE655004B4862 /* bn_mp_rand.c */,
				577FAA60206EE653004B4862 /* bn_mp_read_radix.c */,
				577FAABB206EE667004B4862 /* bn_mp_read_signed_bin.c */,
				577FAA4D206EE64F004B4862 /* bn_mp_read_unsigned_bin.c */,
				577FAAB7206EE667004B4862 /* bn_mp_reduce_2k_l.c */,
				577FAA5C206EE652004B4862 /* bn_mp_reduce_2k_setup_l.c */,
				577FAAB4206EE666004B4862 /* bn_mp_reduce_2k_setup.c */,
				577FAA61206EE653004B4862 /* bn_mp_reduce_2k.c */,
				577FAA6B206EE654004B4862 /* bn_mp_reduce_is_2k_l.c */,
				577FAA5E206EE652004B4862 /* bn_mp_reduce_is_2k.c */,
				577FAA67206EE654004B4862 /* bn_mp_reduce_setup.c */,
				577FAAA1206EE663004B4862 /* bn_mp_reduce.c */,
				577FAA7D206EE657004B4862 /* bn_mp_rshd.c */,
				577FAA79206EE656004B4862 /* bn_mp_set_int.c */,
				577FAA68206EE654004B4862 /* bn_mp_set_long_long.c */,
				577FAA63206EE653004B4862 /* bn_mp_set_long.c */,
				577FAA8E206EE65F004B4862 /* bn_mp_set.c */,
				577FAA3E206EE64E004B4862 /* bn_mp_shrink.c */,
				577FAA70206EE655004B4862 /* bn_mp_signed_bin_size.c */,
				577FAA64206EE653004B4862 /* bn_mp_sqr.c */,
				577FAA9A206EE662004B4862 /* bn_mp_sqrmod.c */,
				577FAA98206EE661004B4862 /* bn_mp_sqrt.c */,
				577FAA9E206EE662004B4862 /* bn_mp_sqrtmod_prime.c */,
				577FAAA8206EE664004B4862 /* bn_mp_sub_d.c */,
				577FAA59206EE651004B4862 /* bn_mp_sub.c */,
				577FAA8F206EE660004B4862 /* bn_mp_submod.c */,
				577FAA7C206EE657004B4862 /* bn_mp_to_signed_bin_n.c */,
				577FAAB5206EE666004B4862 /* bn_mp_to_signed_bin.c */,
				577FAA6A206EE654004B4862 /* bn_mp_to_unsigned_bin_n.c */,
				577FAA3F206EE64E004B4862 /* bn_mp_to_unsigned_bin.c */,
				577FAA3B206EE64E004B4862 /* bn_mp_toom_mul.c */,
				577FAA99206EE662004B4862 /* bn_mp_toom_sqr.c */,
				577FAA7A206EE656004B4862 /* bn_mp_toradix_n.c */,
				577FAA44206EE64F004B4862 /* bn_mp_toradix.c */,
				577FAA42206EE64F004B4862 /* bn_mp_unsigned_bin_size.c */,
				577FAA90206EE660004B4862 /* bn_mp_xor.c */,
				577FAA97206EE661004B4862 /* bn_mp_zero.c */,
				577FAA7E206EE657004B4862 /* bn_prime_tab.c */,
				577FAA49206EE64F004B4862 /* bn_reverse.c */,
				577FAA9B206EE662004B4862 /* bn_s_mp_add.c */,
				577FAA78206EE656004B4862 /* bn_s_mp_exptmod.c */,
				577FAA3C206EE64E004B4862 /* bn_s_mp_mul_digs.c */,
				577FAAA2206EE663004B4862 /* bn_s_mp_mul_high_digs.c */,
				577FAA85206EE658004B4862 /* bn_s_mp_sqr.c */,
				577FAAB0206EE666004B4862 /* bn_s_mp_sub.c */,
				577FAAAE206EE665004B4862 /* bncore.c */,
			);
			path = Sources;
			sourceTree = "<group>";
		};
		577FABD6206EE95D004B4862 /* Frameworks */ = {
			isa = PBXGroup;
			children = (
			);
			name = Frameworks;
			sourceTree = "<group>";
		};
		577FAC5C206EECD7004B4862 /* include */ = {
			isa = PBXGroup;
			children = (
				577FAA4E206EE650004B4862 /* tommath.h */,
				577FAA9C206EE662004B4862 /* tommath_class.h */,
				577FAA89206EE659004B4862 /* tommath_private.h */,
				577FAA9D206EE662004B4862 /* tommath_superclass.h */,
			);
			name = include;
			sourceTree = "<group>";
		};
		577FAC62206EEE99004B4862 /* Extensions */ = {
			isa = PBXGroup;
			children = (
				577FAC5E206EEE94004B4862 /* mp_int+extensions.swift */,
			);
			name = Extensions;
			sourceTree = "<group>";
		};
/* End PBXGroup section */

/* Begin PBXHeadersBuildPhase section */
		577FAA1A206EE2B8004B4862 /* Headers */ = {
			isa = PBXHeadersBuildPhase;
			buildActionMask = 2147483647;
			files = (
				577FAA2E206EE2B9004B4862 /* BigNumber.h in Headers */,
			);
			runOnlyForDeploymentPostprocessing = 0;
		};
		577FAB47206EE7EF004B4862 /* Headers */ = {
			isa = PBXHeadersBuildPhase;
			buildActionMask = 2147483647;
			files = (
				577FABD2206EE834004B4862 /* tommath.h in Headers */,
				577FAB4E206EE7F0004B4862 /* CTomMath.h in Headers */,
				577FABD3206EE834004B4862 /* tommath_class.h in Headers */,
				577FABD5206EE834004B4862 /* tommath_superclass.h in Headers */,
				577FABD4206EE834004B4862 /* tommath_private.h in Headers */,
			);
			runOnlyForDeploymentPostprocessing = 0;
		};
/* End PBXHeadersBuildPhase section */

/* Begin PBXNativeTarget section */
		577FAA1C206EE2B8004B4862 /* BigNumber */ = {
			isa = PBXNativeTarget;
			buildConfigurationList = 577FAA31206EE2B9004B4862 /* Build configuration list for PBXNativeTarget "BigNumber" */;
			buildPhases = (
				577FAA18206EE2B8004B4862 /* Sources */,
				577FAA19206EE2B8004B4862 /* Frameworks */,
				577FAA1A206EE2B8004B4862 /* Headers */,
				577FAA1B206EE2B8004B4862 /* Resources */,
			);
			buildRules = (
			);
			dependencies = (
			);
			name = BigNumber;
			productName = BigNumber;
			productReference = 577FAA1D206EE2B8004B4862 /* BigNumber.framework */;
			productType = "com.apple.product-type.framework";
		};
		577FAA25206EE2B9004B4862 /* BigNumberTests */ = {
			isa = PBXNativeTarget;
			buildConfigurationList = 577FAA34206EE2B9004B4862 /* Build configuration list for PBXNativeTarget "BigNumberTests" */;
			buildPhases = (
				577FAA22206EE2B9004B4862 /* Sources */,
				577FAA23206EE2B9004B4862 /* Frameworks */,
				577FAA24206EE2B9004B4862 /* Resources */,
			);
			buildRules = (
			);
			dependencies = (
				577FAA29206EE2B9004B4862 /* PBXTargetDependency */,
			);
			name = BigNumberTests;
			productName = BigNumberTests;
			productReference = 577FAA26206EE2B9004B4862 /* BigNumberTests.xctest */;
			productType = "com.apple.product-type.bundle.unit-test";
		};
		577FAB49206EE7EF004B4862 /* CTomMath */ = {
			isa = PBXNativeTarget;
			buildConfigurationList = 577FAB4F206EE7F0004B4862 /* Build configuration list for PBXNativeTarget "CTomMath" */;
			buildPhases = (
				577FAB47206EE7EF004B4862 /* Headers */,
				577FAB45206EE7EF004B4862 /* Sources */,
				577FAB46206EE7EF004B4862 /* Frameworks */,
				577FAB48206EE7EF004B4862 /* Resources */,
			);
			buildRules = (
			);
			dependencies = (
			);
			name = CTomMath;
			productName = CTomMath;
			productReference = 577FAB4A206EE7EF004B4862 /* CTomMath.framework */;
			productType = "com.apple.product-type.framework";
		};
/* End PBXNativeTarget section */

/* Begin PBXProject section */
		577FAA14206EE2B8004B4862 /* Project object */ = {
			isa = PBXProject;
			attributes = {
				LastSwiftUpdateCheck = 0920;
				LastUpgradeCheck = 0920;
				ORGANIZATIONNAME = Tylerian;
				TargetAttributes = {
					577FAA1C206EE2B8004B4862 = {
						CreatedOnToolsVersion = 9.2;
						LastSwiftMigration = 0920;
						ProvisioningStyle = Automatic;
					};
					577FAA25206EE2B9004B4862 = {
						CreatedOnToolsVersion = 9.2;
						ProvisioningStyle = Automatic;
					};
					577FAB49206EE7EF004B4862 = {
						CreatedOnToolsVersion = 9.2;
						ProvisioningStyle = Automatic;
					};
				};
			};
			buildConfigurationList = 577FAA17206EE2B8004B4862 /* Build configuration list for PBXProject "BigNumber" */;
			compatibilityVersion = "Xcode 8.0";
			developmentRegion = en;
			hasScannedForEncodings = 0;
			knownRegions = (
				en,
			);
			mainGroup = 577FAA13206EE2B8004B4862;
			productRefGroup = 577FAA1E206EE2B8004B4862 /* Products */;
			projectDirPath = "";
			projectRoot = "";
			targets = (
				577FAA1C206EE2B8004B4862 /* BigNumber */,
				577FAB49206EE7EF004B4862 /* CTomMath */,
				577FAA25206EE2B9004B4862 /* BigNumberTests */,
			);
		};
/* End PBXProject section */

/* Begin PBXResourcesBuildPhase section */
		577FAA1B206EE2B8004B4862 /* Resources */ = {
			isa = PBXResourcesBuildPhase;
			buildActionMask = 2147483647;
			files = (
				577FAC68206F06F4004B4862 /* README.md in Resources */,
				577FAC67206F06F4004B4862 /* LICENSE in Resources */,
			);
			runOnlyForDeploymentPostprocessing = 0;
		};
		577FAA24206EE2B9004B4862 /* Resources */ = {
			isa = PBXResourcesBuildPhase;
			buildActionMask = 2147483647;
			files = (
			);
			runOnlyForDeploymentPostprocessing = 0;
		};
		577FAB48206EE7EF004B4862 /* Resources */ = {
			isa = PBXResourcesBuildPhase;
			buildActionMask = 2147483647;
			files = (
			);
			runOnlyForDeploymentPostprocessing = 0;
		};
/* End PBXResourcesBuildPhase section */

/* Begin PBXSourcesBuildPhase section */
		577FAA18206EE2B8004B4862 /* Sources */ = {
			isa = PBXSourcesBuildPhase;
			buildActionMask = 2147483647;
			files = (
				577FAC61206EEE94004B4862 /* BigInt.swift in Sources */,
				577FAC60206EEE94004B4862 /* mp_int+extensions.swift in Sources */,
			);
			runOnlyForDeploymentPostprocessing = 0;
		};
		577FAA22206EE2B9004B4862 /* Sources */ = {
			isa = PBXSourcesBuildPhase;
			buildActionMask = 2147483647;
			files = (
				577FAA2C206EE2B9004B4862 /* BigNumberTests.swift in Sources */,
			);
			runOnlyForDeploymentPostprocessing = 0;
		};
		577FAB45206EE7EF004B4862 /* Sources */ = {
			isa = PBXSourcesBuildPhase;
			buildActionMask = 2147483647;
			files = (
				577FABC2206EE82C004B4862 /* bn_mp_toom_mul.c in Sources */,
				577FABAE206EE82C004B4862 /* bn_mp_reduce_setup.c in Sources */,
				577FAB5A206EE82C004B4862 /* bn_mp_add_d.c in Sources */,
				577FAB56206EE82C004B4862 /* bn_fast_s_mp_mul_high_digs.c in Sources */,
				577FABA6206EE82C004B4862 /* bn_mp_read_signed_bin.c in Sources */,
				577FAB6C206EE82C004B4862 /* bn_mp_dr_is_modulus.c in Sources */,
				577FABBF206EE82C004B4862 /* bn_mp_to_signed_bin.c in Sources */,
				577FAB9A206EE82C004B4862 /* bn_mp_or.c in Sources */,
				577FAB5D206EE82C004B4862 /* bn_mp_and.c in Sources */,
				577FABA5206EE82C004B4862 /* bn_mp_read_radix.c in Sources */,
				577FAB67206EE82C004B4862 /* bn_mp_div_2.c in Sources */,
				577FAB9D206EE82C004B4862 /* bn_mp_prime_is_prime.c in Sources */,
				577FAB93206EE82C004B4862 /* bn_mp_mul_2d.c in Sources */,
				577FAB65206EE82C004B4862 /* bn_mp_copy.c in Sources */,
				577FABBA206EE82C004B4862 /* bn_mp_sqrtmod_prime.c in Sources */,
				577FAB5C206EE82C004B4862 /* bn_mp_addmod.c in Sources */,
				577FAB97206EE82C004B4862 /* bn_mp_n_root_ex.c in Sources */,
				577FAB69206EE82C004B4862 /* bn_mp_div_3.c in Sources */,
				577FABD1206EE82C004B4862 /* bncore.c in Sources */,
				577FABA1206EE82C004B4862 /* bn_mp_prime_random_ex.c in Sources */,
				577FAB95206EE82C004B4862 /* bn_mp_mul.c in Sources */,
				577FABA2206EE82C004B4862 /* bn_mp_radix_size.c in Sources */,
				577FABAB206EE82C004B4862 /* bn_mp_reduce_2k.c in Sources */,
				577FAB5F206EE82C004B4862 /* bn_mp_clear_multi.c in Sources */,
				577FAB8C206EE82C004B4862 /* bn_mp_mod_2d.c in Sources */,
				577FABCE206EE82C004B4862 /* bn_s_mp_mul_high_digs.c in Sources */,
				577FAB52206EE82C004B4862 /* bn_error.c in Sources */,
				577FAB53206EE82C004B4862 /* bn_fast_mp_invmod.c in Sources */,
				577FABC4206EE82C004B4862 /* bn_mp_toradix_n.c in Sources */,
				577FAB85206EE82C004B4862 /* bn_mp_invmod.c in Sources */,
				577FABCC206EE82C004B4862 /* bn_s_mp_exptmod.c in Sources */,
				577FABB2206EE82C004B4862 /* bn_mp_set_long_long.c in Sources */,
				577FAB80206EE82C004B4862 /* bn_mp_init_set_int.c in Sources */,
				577FAB99206EE82C004B4862 /* bn_mp_neg.c in Sources */,
				577FAB6E206EE82C004B4862 /* bn_mp_dr_setup.c in Sources */,
				577FABB0206EE82C004B4862 /* bn_mp_rshd.c in Sources */,
				577FABAA206EE82C004B4862 /* bn_mp_reduce_2k_setup.c in Sources */,
				577FABAF206EE82C004B4862 /* bn_mp_reduce.c in Sources */,
				577FAB76206EE82C004B4862 /* bn_mp_fread.c in Sources */,
				577FAB94206EE82C004B4862 /* bn_mp_mul_d.c in Sources */,
				577FAB98206EE82C004B4862 /* bn_mp_n_root.c in Sources */,
				577FAB57206EE82C004B4862 /* bn_fast_s_mp_sqr.c in Sources */,
				577FABAD206EE82C004B4862 /* bn_mp_reduce_is_2k.c in Sources */,
				577FAB71206EE82C004B4862 /* bn_mp_expt_d_ex.c in Sources */,
				577FAB73206EE82C004B4862 /* bn_mp_exptmod_fast.c in Sources */,
				577FAB82206EE82C004B4862 /* bn_mp_init_size.c in Sources */,
				577FABC3206EE82C004B4862 /* bn_mp_toom_sqr.c in Sources */,
				577FAB7F206EE82C004B4862 /* bn_mp_init_multi.c in Sources */,
				577FABCA206EE82C004B4862 /* bn_reverse.c in Sources */,
				577FAB89206EE82C004B4862 /* bn_mp_karatsuba_sqr.c in Sources */,
				577FABC5206EE82C004B4862 /* bn_mp_toradix.c in Sources */,
				577FABCB206EE82C004B4862 /* bn_s_mp_add.c in Sources */,
				577FAB58206EE82C004B4862 /* bn_mp_2expt.c in Sources */,
				577FAB6F206EE82C004B4862 /* bn_mp_exch.c in Sources */,
				577FAB62206EE82C004B4862 /* bn_mp_cmp_mag.c in Sources */,
				577FABB4206EE82C004B4862 /* bn_mp_set.c in Sources */,
				577FAB5E206EE82C004B4862 /* bn_mp_clamp.c in Sources */,
				577FAB7E206EE82C004B4862 /* bn_mp_init_copy.c in Sources */,
				577FAB74206EE82C004B4862 /* bn_mp_exptmod.c in Sources */,
				577FABC7206EE82C004B4862 /* bn_mp_xor.c in Sources */,
				577FABB6206EE82C004B4862 /* bn_mp_signed_bin_size.c in Sources */,
				577FAB7D206EE82C004B4862 /* bn_mp_import.c in Sources */,
				577FAB83206EE82C004B4862 /* bn_mp_init.c in Sources */,
				577FAB64206EE82C004B4862 /* bn_mp_cnt_lsb.c in Sources */,
				577FAB63206EE82C004B4862 /* bn_mp_cmp.c in Sources */,
				577FABB7206EE82C004B4862 /* bn_mp_sqr.c in Sources */,
				577FAB92206EE82C004B4862 /* bn_mp_mul_2.c in Sources */,
				577FABAC206EE82C004B4862 /* bn_mp_reduce_is_2k_l.c in Sources */,
				577FABBE206EE82C004B4862 /* bn_mp_to_signed_bin_n.c in Sources */,
				577FAB81206EE82C004B4862 /* bn_mp_init_set.c in Sources */,
				577FAB5B206EE82C004B4862 /* bn_mp_add.c in Sources */,
				577FABC0206EE82C004B4862 /* bn_mp_to_unsigned_bin_n.c in Sources */,
				577FAB9F206EE82C004B4862 /* bn_mp_prime_next_prime.c in Sources */,
				577FABC6206EE82C004B4862 /* bn_mp_unsigned_bin_size.c in Sources */,
				577FABB5206EE82C004B4862 /* bn_mp_shrink.c in Sources */,
				577FAB59206EE82C004B4862 /* bn_mp_abs.c in Sources */,
				577FABA4206EE82C004B4862 /* bn_mp_rand.c in Sources */,
				577FAB66206EE82C004B4862 /* bn_mp_count_bits.c in Sources */,
				577FABCD206EE82C004B4862 /* bn_s_mp_mul_digs.c in Sources */,
				577FAB68206EE82C004B4862 /* bn_mp_div_2d.c in Sources */,
				577FAB77206EE82C004B4862 /* bn_mp_fwrite.c in Sources */,
				577FAB61206EE82C004B4862 /* bn_mp_cmp_d.c in Sources */,
				577FAB96206EE82C004B4862 /* bn_mp_mulmod.c in Sources */,
				577FABA7206EE82C004B4862 /* bn_mp_read_unsigned_bin.c in Sources */,
				577FAB79206EE82C004B4862 /* bn_mp_get_int.c in Sources */,
				577FAB78206EE82C004B4862 /* bn_mp_gcd.c in Sources */,
				577FABC1206EE82C004B4862 /* bn_mp_to_unsigned_bin.c in Sources */,
				577FABBC206EE82C004B4862 /* bn_mp_sub.c in Sources */,
				577FABB1206EE82C004B4862 /* bn_mp_set_int.c in Sources */,
				577FAB60206EE82C004B4862 /* bn_mp_clear.c in Sources */,
				577FAB9B206EE82C004B4862 /* bn_mp_prime_fermat.c in Sources */,
				577FAB8F206EE82C004B4862 /* bn_mp_montgomery_calc_normalization.c in Sources */,
				577FAB70206EE82C004B4862 /* bn_mp_export.c in Sources */,
				577FAB6B206EE82C004B4862 /* bn_mp_div.c in Sources */,
				577FAB6A206EE82C004B4862 /* bn_mp_div_d.c in Sources */,
				577FAB8A206EE82C004B4862 /* bn_mp_lcm.c in Sources */,
				577FABCF206EE82C004B4862 /* bn_s_mp_sqr.c in Sources */,
				577FAB7B206EE82C004B4862 /* bn_mp_get_long.c in Sources */,
				577FABC8206EE82C004B4862 /* bn_mp_zero.c in Sources */,
				577FAB72206EE82C004B4862 /* bn_mp_expt_d.c in Sources */,
				577FAB8D206EE82C004B4862 /* bn_mp_mod_d.c in Sources */,
				577FABA3206EE82C004B4862 /* bn_mp_radix_smap.c in Sources */,
				577FABBD206EE82C004B4862 /* bn_mp_submod.c in Sources */,
				577FABB8206EE82C004B4862 /* bn_mp_sqrmod.c in Sources */,
				577FAB8E206EE82C004B4862 /* bn_mp_mod.c in Sources */,
				577FAB75206EE82C004B4862 /* bn_mp_exteuclid.c in Sources */,
				577FAB7C206EE82C004B4862 /* bn_mp_grow.c in Sources */,
				577FAB91206EE82C004B4862 /* bn_mp_montgomery_setup.c in Sources */,
				577FAB90206EE82C004B4862 /* bn_mp_montgomery_reduce.c in Sources */,
				577FABA0206EE82C004B4862 /* bn_mp_prime_rabin_miller_trials.c in Sources */,
				577FAB7A206EE82C004B4862 /* bn_mp_get_long_long.c in Sources */,
				577FABB9206EE82C004B4862 /* bn_mp_sqrt.c in Sources */,
				577FABC9206EE82C004B4862 /* bn_prime_tab.c in Sources */,
				577FAB55206EE82C004B4862 /* bn_fast_s_mp_mul_digs.c in Sources */,
				577FABA8206EE82C004B4862 /* bn_mp_reduce_2k_l.c in Sources */,
				577FABBB206EE82C004B4862 /* bn_mp_sub_d.c in Sources */,
				577FAB86206EE82C004B4862 /* bn_mp_is_square.c in Sources */,
				577FABD0206EE82C004B4862 /* bn_s_mp_sub.c in Sources */,
				577FAB87206EE82C004B4862 /* bn_mp_jacobi.c in Sources */,
				577FAB8B206EE82C004B4862 /* bn_mp_lshd.c in Sources */,
				577FAB9E206EE82C004B4862 /* bn_mp_prime_miller_rabin.c in Sources */,
				577FAB84206EE82C004B4862 /* bn_mp_invmod_slow.c in Sources */,
				577FAB88206EE82C004B4862 /* bn_mp_karatsuba_mul.c in Sources */,
				577FABB3206EE82C004B4862 /* bn_mp_set_long.c in Sources */,
				577FABA9206EE82C004B4862 /* bn_mp_reduce_2k_setup_l.c in Sources */,
				577FAB6D206EE82C004B4862 /* bn_mp_dr_reduce.c in Sources */,
				577FAB54206EE82C004B4862 /* bn_fast_mp_montgomery_reduce.c in Sources */,
				577FAB9C206EE82C004B4862 /* bn_mp_prime_is_divisible.c in Sources */,
			);
			runOnlyForDeploymentPostprocessing = 0;
		};
/* End PBXSourcesBuildPhase section */

/* Begin PBXTargetDependency section */
		577FAA29206EE2B9004B4862 /* PBXTargetDependency */ = {
			isa = PBXTargetDependency;
			target = 577FAA1C206EE2B8004B4862 /* BigNumber */;
			targetProxy = 577FAA28206EE2B9004B4862 /* PBXContainerItemProxy */;
		};
/* End PBXTargetDependency section */

/* Begin XCBuildConfiguration section */
		577FAA2F206EE2B9004B4862 /* Debug */ = {
			isa = XCBuildConfiguration;
			buildSettings = {
				ALWAYS_SEARCH_USER_PATHS = NO;
				CLANG_ANALYZER_NONNULL = YES;
				CLANG_ANALYZER_NUMBER_OBJECT_CONVERSION = YES_AGGRESSIVE;
				CLANG_CXX_LANGUAGE_STANDARD = "gnu++14";
				CLANG_CXX_LIBRARY = "libc++";
				CLANG_ENABLE_MODULES = YES;
				CLANG_ENABLE_OBJC_ARC = YES;
				CLANG_WARN_BLOCK_CAPTURE_AUTORELEASING = YES;
				CLANG_WARN_BOOL_CONVERSION = YES;
				CLANG_WARN_COMMA = YES;
				CLANG_WARN_CONSTANT_CONVERSION = YES;
				CLANG_WARN_DIRECT_OBJC_ISA_USAGE = YES_ERROR;
				CLANG_WARN_DOCUMENTATION_COMMENTS = YES;
				CLANG_WARN_EMPTY_BODY = YES;
				CLANG_WARN_ENUM_CONVERSION = YES;
				CLANG_WARN_INFINITE_RECURSION = YES;
				CLANG_WARN_INT_CONVERSION = YES;
				CLANG_WARN_NON_LITERAL_NULL_CONVERSION = YES;
				CLANG_WARN_OBJC_LITERAL_CONVERSION = YES;
				CLANG_WARN_OBJC_ROOT_CLASS = YES_ERROR;
				CLANG_WARN_RANGE_LOOP_ANALYSIS = YES;
				CLANG_WARN_STRICT_PROTOTYPES = YES;
				CLANG_WARN_SUSPICIOUS_MOVE = YES;
				CLANG_WARN_UNGUARDED_AVAILABILITY = YES_AGGRESSIVE;
				CLANG_WARN_UNREACHABLE_CODE = YES;
				CLANG_WARN__DUPLICATE_METHOD_MATCH = YES;
				CODE_SIGN_IDENTITY = "iPhone Developer";
				COPY_PHASE_STRIP = NO;
				CURRENT_PROJECT_VERSION = 1;
				DEBUG_INFORMATION_FORMAT = dwarf;
				ENABLE_STRICT_OBJC_MSGSEND = YES;
				ENABLE_TESTABILITY = YES;
				GCC_C_LANGUAGE_STANDARD = gnu11;
				GCC_DYNAMIC_NO_PIC = NO;
				GCC_NO_COMMON_BLOCKS = YES;
				GCC_OPTIMIZATION_LEVEL = 0;
				GCC_PREPROCESSOR_DEFINITIONS = (
					"DEBUG=1",
					"$(inherited)",
				);
				GCC_WARN_64_TO_32_BIT_CONVERSION = YES;
				GCC_WARN_ABOUT_RETURN_TYPE = YES_ERROR;
				GCC_WARN_UNDECLARED_SELECTOR = YES;
				GCC_WARN_UNINITIALIZED_AUTOS = YES_AGGRESSIVE;
				GCC_WARN_UNUSED_FUNCTION = YES;
				GCC_WARN_UNUSED_VARIABLE = YES;
				IPHONEOS_DEPLOYMENT_TARGET = 8.0;
				MTL_ENABLE_DEBUG_INFO = YES;
				ONLY_ACTIVE_ARCH = YES;
				SDKROOT = iphoneos;
				SWIFT_ACTIVE_COMPILATION_CONDITIONS = DEBUG;
				SWIFT_OPTIMIZATION_LEVEL = "-Onone";
				VERSIONING_SYSTEM = "apple-generic";
				VERSION_INFO_PREFIX = "";
			};
			name = Debug;
		};
		577FAA30206EE2B9004B4862 /* Release */ = {
			isa = XCBuildConfiguration;
			buildSettings = {
				ALWAYS_SEARCH_USER_PATHS = NO;
				CLANG_ANALYZER_NONNULL = YES;
				CLANG_ANALYZER_NUMBER_OBJECT_CONVERSION = YES_AGGRESSIVE;
				CLANG_CXX_LANGUAGE_STANDARD = "gnu++14";
				CLANG_CXX_LIBRARY = "libc++";
				CLANG_ENABLE_MODULES = YES;
				CLANG_ENABLE_OBJC_ARC = YES;
				CLANG_WARN_BLOCK_CAPTURE_AUTORELEASING = YES;
				CLANG_WARN_BOOL_CONVERSION = YES;
				CLANG_WARN_COMMA = YES;
				CLANG_WARN_CONSTANT_CONVERSION = YES;
				CLANG_WARN_DIRECT_OBJC_ISA_USAGE = YES_ERROR;
				CLANG_WARN_DOCUMENTATION_COMMENTS = YES;
				CLANG_WARN_EMPTY_BODY = YES;
				CLANG_WARN_ENUM_CONVERSION = YES;
				CLANG_WARN_INFINITE_RECURSION = YES;
				CLANG_WARN_INT_CONVERSION = YES;
				CLANG_WARN_NON_LITERAL_NULL_CONVERSION = YES;
				CLANG_WARN_OBJC_LITERAL_CONVERSION = YES;
				CLANG_WARN_OBJC_ROOT_CLASS = YES_ERROR;
				CLANG_WARN_RANGE_LOOP_ANALYSIS = YES;
				CLANG_WARN_STRICT_PROTOTYPES = YES;
				CLANG_WARN_SUSPICIOUS_MOVE = YES;
				CLANG_WARN_UNGUARDED_AVAILABILITY = YES_AGGRESSIVE;
				CLANG_WARN_UNREACHABLE_CODE = YES;
				CLANG_WARN__DUPLICATE_METHOD_MATCH = YES;
				CODE_SIGN_IDENTITY = "iPhone Developer";
				COPY_PHASE_STRIP = NO;
				CURRENT_PROJECT_VERSION = 1;
				DEBUG_INFORMATION_FORMAT = "dwarf-with-dsym";
				ENABLE_NS_ASSERTIONS = NO;
				ENABLE_STRICT_OBJC_MSGSEND = YES;
				GCC_C_LANGUAGE_STANDARD = gnu11;
				GCC_NO_COMMON_BLOCKS = YES;
				GCC_WARN_64_TO_32_BIT_CONVERSION = YES;
				GCC_WARN_ABOUT_RETURN_TYPE = YES_ERROR;
				GCC_WARN_UNDECLARED_SELECTOR = YES;
				GCC_WARN_UNINITIALIZED_AUTOS = YES_AGGRESSIVE;
				GCC_WARN_UNUSED_FUNCTION = YES;
				GCC_WARN_UNUSED_VARIABLE = YES;
				IPHONEOS_DEPLOYMENT_TARGET = 8.0;
				MTL_ENABLE_DEBUG_INFO = NO;
				SDKROOT = iphoneos;
				SWIFT_OPTIMIZATION_LEVEL = "-Owholemodule";
				VALIDATE_PRODUCT = YES;
				VERSIONING_SYSTEM = "apple-generic";
				VERSION_INFO_PREFIX = "";
			};
			name = Release;
		};
		577FAA32206EE2B9004B4862 /* Debug */ = {
			isa = XCBuildConfiguration;
			buildSettings = {
				CLANG_ENABLE_MODULES = YES;
				CODE_SIGN_IDENTITY = "";
				CODE_SIGN_STYLE = Automatic;
				DEFINES_MODULE = YES;
				DEVELOPMENT_TEAM = G4FPK9XX5W;
				DYLIB_COMPATIBILITY_VERSION = 1;
				DYLIB_CURRENT_VERSION = 1;
				DYLIB_INSTALL_NAME_BASE = "@rpath";
				INFOPLIST_FILE = BigNumber/Info.plist;
				INSTALL_PATH = "$(LOCAL_LIBRARY_DIR)/Frameworks";
				LD_RUNPATH_SEARCH_PATHS = "$(inherited) @executable_path/Frameworks @loader_path/Frameworks";
				PRODUCT_BUNDLE_IDENTIFIER = me.tylerian.BigNumber;
				PRODUCT_NAME = "$(TARGET_NAME:c99extidentifier)";
				SKIP_INSTALL = YES;
				SWIFT_OPTIMIZATION_LEVEL = "-Onone";
				SWIFT_VERSION = 4.0;
				TARGETED_DEVICE_FAMILY = "1,2";
			};
			name = Debug;
		};
		577FAA33206EE2B9004B4862 /* Release */ = {
			isa = XCBuildConfiguration;
			buildSettings = {
				CLANG_ENABLE_MODULES = YES;
				CODE_SIGN_IDENTITY = "";
				CODE_SIGN_STYLE = Automatic;
				DEFINES_MODULE = YES;
				DEVELOPMENT_TEAM = G4FPK9XX5W;
				DYLIB_COMPATIBILITY_VERSION = 1;
				DYLIB_CURRENT_VERSION = 1;
				DYLIB_INSTALL_NAME_BASE = "@rpath";
				INFOPLIST_FILE = BigNumber/Info.plist;
				INSTALL_PATH = "$(LOCAL_LIBRARY_DIR)/Frameworks";
				LD_RUNPATH_SEARCH_PATHS = "$(inherited) @executable_path/Frameworks @loader_path/Frameworks";
				PRODUCT_BUNDLE_IDENTIFIER = me.tylerian.BigNumber;
				PRODUCT_NAME = "$(TARGET_NAME:c99extidentifier)";
				SKIP_INSTALL = YES;
				SWIFT_VERSION = 4.0;
				TARGETED_DEVICE_FAMILY = "1,2";
			};
			name = Release;
		};
		577FAA35206EE2B9004B4862 /* Debug */ = {
			isa = XCBuildConfiguration;
			buildSettings = {
				ALWAYS_EMBED_SWIFT_STANDARD_LIBRARIES = YES;
				CODE_SIGN_STYLE = Automatic;
				DEVELOPMENT_TEAM = G4FPK9XX5W;
				INFOPLIST_FILE = BigNumberTests/Info.plist;
				LD_RUNPATH_SEARCH_PATHS = "$(inherited) @executable_path/Frameworks @loader_path/Frameworks";
				PRODUCT_BUNDLE_IDENTIFIER = me.tylerian.BigNumberTests;
				PRODUCT_NAME = "$(TARGET_NAME)";
				SWIFT_VERSION = 4.0;
				TARGETED_DEVICE_FAMILY = "1,2";
			};
			name = Debug;
		};
		577FAA36206EE2B9004B4862 /* Release */ = {
			isa = XCBuildConfiguration;
			buildSettings = {
				ALWAYS_EMBED_SWIFT_STANDARD_LIBRARIES = YES;
				CODE_SIGN_STYLE = Automatic;
				DEVELOPMENT_TEAM = G4FPK9XX5W;
				INFOPLIST_FILE = BigNumberTests/Info.plist;
				LD_RUNPATH_SEARCH_PATHS = "$(inherited) @executable_path/Frameworks @loader_path/Frameworks";
				PRODUCT_BUNDLE_IDENTIFIER = me.tylerian.BigNumberTests;
				PRODUCT_NAME = "$(TARGET_NAME)";
				SWIFT_VERSION = 4.0;
				TARGETED_DEVICE_FAMILY = "1,2";
			};
			name = Release;
		};
		577FAB50206EE7F0004B4862 /* Debug */ = {
			isa = XCBuildConfiguration;
			buildSettings = {
				CODE_SIGN_IDENTITY = "";
				CODE_SIGN_STYLE = Automatic;
				DEFINES_MODULE = YES;
				DEVELOPMENT_TEAM = G4FPK9XX5W;
				DYLIB_COMPATIBILITY_VERSION = 1;
				DYLIB_CURRENT_VERSION = 1;
				DYLIB_INSTALL_NAME_BASE = "@rpath";
				INFOPLIST_FILE = CTomMath/Info.plist;
				INSTALL_PATH = "$(LOCAL_LIBRARY_DIR)/Frameworks";
				LD_RUNPATH_SEARCH_PATHS = "$(inherited) @executable_path/Frameworks @loader_path/Frameworks";
				PRODUCT_BUNDLE_IDENTIFIER = me.tylerian.CTomMath;
				PRODUCT_NAME = "$(TARGET_NAME:c99extidentifier)";
				SKIP_INSTALL = YES;
				SWIFT_VERSION = 4.0;
				TARGETED_DEVICE_FAMILY = "1,2";
			};
			name = Debug;
		};
		577FAB51206EE7F0004B4862 /* Release */ = {
			isa = XCBuildConfiguration;
			buildSettings = {
				CODE_SIGN_IDENTITY = "";
				CODE_SIGN_STYLE = Automatic;
				DEFINES_MODULE = YES;
				DEVELOPMENT_TEAM = G4FPK9XX5W;
				DYLIB_COMPATIBILITY_VERSION = 1;
				DYLIB_CURRENT_VERSION = 1;
				DYLIB_INSTALL_NAME_BASE = "@rpath";
				INFOPLIST_FILE = CTomMath/Info.plist;
				INSTALL_PATH = "$(LOCAL_LIBRARY_DIR)/Frameworks";
				LD_RUNPATH_SEARCH_PATHS = "$(inherited) @executable_path/Frameworks @loader_path/Frameworks";
				PRODUCT_BUNDLE_IDENTIFIER = me.tylerian.CTomMath;
				PRODUCT_NAME = "$(TARGET_NAME:c99extidentifier)";
				SKIP_INSTALL = YES;
				SWIFT_VERSION = 4.0;
				TARGETED_DEVICE_FAMILY = "1,2";
			};
			name = Release;
		};
/* End XCBuildConfiguration section */

/* Begin XCConfigurationList section */
		577FAA17206EE2B8004B4862 /* Build configuration list for PBXProject "BigNumber" */ = {
			isa = XCConfigurationList;
			buildConfigurations = (
				577FAA2F206EE2B9004B4862 /* Debug */,
				577FAA30206EE2B9004B4862 /* Release */,
			);
			defaultConfigurationIsVisible = 0;
			defaultConfigurationName = Release;
		};
		577FAA31206EE2B9004B4862 /* Build configuration list for PBXNativeTarget "BigNumber" */ = {
			isa = XCConfigurationList;
			buildConfigurations = (
				577FAA32206EE2B9004B4862 /* Debug */,
				577FAA33206EE2B9004B4862 /* Release */,
			);
			defaultConfigurationIsVisible = 0;
			defaultConfigurationName = Release;
		};
		577FAA34206EE2B9004B4862 /* Build configuration list for PBXNativeTarget "BigNumberTests" */ = {
			isa = XCConfigurationList;
			buildConfigurations = (
				577FAA35206EE2B9004B4862 /* Debug */,
				577FAA36206EE2B9004B4862 /* Release */,
			);
			defaultConfigurationIsVisible = 0;
			defaultConfigurationName = Release;
		};
		577FAB4F206EE7F0004B4862 /* Build configuration list for PBXNativeTarget "CTomMath" */ = {
			isa = XCConfigurationList;
			buildConfigurations = (
				577FAB50206EE7F0004B4862 /* Debug */,
				577FAB51206EE7F0004B4862 /* Release */,
			);
			defaultConfigurationIsVisible = 0;
			defaultConfigurationName = Release;
		};
/* End XCConfigurationList section */
	};
	rootObject = 577FAA14206EE2B8004B4862 /* Project object */;
}
